// !$*UTF8*$!
{
	archiveVersion = 1;
	classes = {
	};
	objectVersion = 50;
	objects = {

/* Begin PBXBuildFile section */
		3063A6B0262D385700F724A1 /* AppDelegate.swift in Sources */ = {isa = PBXBuildFile; fileRef = 3063A6AF262D385700F724A1 /* AppDelegate.swift */; };
		3063A6B2262D385700F724A1 /* SceneDelegate.swift in Sources */ = {isa = PBXBuildFile; fileRef = 3063A6B1262D385700F724A1 /* SceneDelegate.swift */; };
		3063A6B4262D385700F724A1 /* ViewController.swift in Sources */ = {isa = PBXBuildFile; fileRef = 3063A6B3262D385700F724A1 /* ViewController.swift */; };
		3063A6B7262D385700F724A1 /* Main.storyboard in Resources */ = {isa = PBXBuildFile; fileRef = 3063A6B5262D385700F724A1 /* Main.storyboard */; };
		3063A6B9262D385900F724A1 /* Assets.xcassets in Resources */ = {isa = PBXBuildFile; fileRef = 3063A6B8262D385900F724A1 /* Assets.xcassets */; };
		3063A6BC262D385900F724A1 /* LaunchScreen.storyboard in Resources */ = {isa = PBXBuildFile; fileRef = 3063A6BA262D385900F724A1 /* LaunchScreen.storyboard */; };
		3063A6C5262D389B00F724A1 /* ViewControllerA.swift in Sources */ = {isa = PBXBuildFile; fileRef = 3063A6C4262D389B00F724A1 /* ViewControllerA.swift */; };
		3063A6C8262D38A500F724A1 /* ViewControllerB.swift in Sources */ = {isa = PBXBuildFile; fileRef = 3063A6C7262D38A500F724A1 /* ViewControllerB.swift */; };
/* End PBXBuildFile section */

/* Begin PBXFileReference section */
		3063A6AC262D385700F724A1 /* Activity 1.app */ = {isa = PBXFileReference; explicitFileType = wrapper.application; includeInIndex = 0; path = "Activity 1.app"; sourceTree = BUILT_PRODUCTS_DIR; };
		3063A6AF262D385700F724A1 /* AppDelegate.swift */ = {isa = PBXFileReference; lastKnownFileType = sourcecode.swift; path = AppDelegate.swift; sourceTree = "<group>"; };
		3063A6B1262D385700F724A1 /* SceneDelegate.swift */ = {isa = PBXFileReference; lastKnownFileType = sourcecode.swift; path = SceneDelegate.swift; sourceTree = "<group>"; };
		3063A6B3262D385700F724A1 /* ViewController.swift */ = {isa = PBXFileReference; lastKnownFileType = sourcecode.swift; path = ViewController.swift; sourceTree = "<group>"; };
		3063A6B6262D385700F724A1 /* Base */ = {isa = PBXFileReference; lastKnownFileType = file.storyboard; name = Base; path = Base.lproj/Main.storyboard; sourceTree = "<group>"; };
		3063A6B8262D385900F724A1 /* Assets.xcassets */ = {isa = PBXFileReference; lastKnownFileType = folder.assetcatalog; path = Assets.xcassets; sourceTree = "<group>"; };
		3063A6BB262D385900F724A1 /* Base */ = {isa = PBXFileReference; lastKnownFileType = file.storyboard; name = Base; path = Base.lproj/LaunchScreen.storyboard; sourceTree = "<group>"; };
		3063A6BD262D385900F724A1 /* Info.plist */ = {isa = PBXFileReference; lastKnownFileType = text.plist.xml; path = Info.plist; sourceTree = "<group>"; };
		3063A6C4262D389B00F724A1 /* ViewControllerA.swift */ = {isa = PBXFileReference; lastKnownFileType = sourcecode.swift; path = ViewControllerA.swift; sourceTree = "<group>"; };
		3063A6C7262D38A500F724A1 /* ViewControllerB.swift */ = {isa = PBXFileReference; lastKnownFileType = sourcecode.swift; path = ViewControllerB.swift; sourceTree = "<group>"; };
/* End PBXFileReference section */

/* Begin PBXFrameworksBuildPhase section */
		3063A6A9262D385700F724A1 /* Frameworks */ = {
			isa = PBXFrameworksBuildPhase;
			buildActionMask = 2147483647;
			files = (
			);
			runOnlyForDeploymentPostprocessing = 0;
		};
/* End PBXFrameworksBuildPhase section */

/* Begin PBXGroup section */
		3063A6A3262D385700F724A1 = {
			isa = PBXGroup;
			children = (
				3063A6AE262D385700F724A1 /* Activity 1 */,
				3063A6AD262D385700F724A1 /* Products */,
			);
			sourceTree = "<group>";
		};
		3063A6AD262D385700F724A1 /* Products */ = {
			isa = PBXGroup;
			children = (
				3063A6AC262D385700F724A1 /* Activity 1.app */,
			);
			name = Products;
			sourceTree = "<group>";
		};
		3063A6AE262D385700F724A1 /* Activity 1 */ = {
			isa = PBXGroup;
			children = (
				3063A6AF262D385700F724A1 /* AppDelegate.swift */,
				3063A6B1262D385700F724A1 /* SceneDelegate.swift */,
				3063A6B3262D385700F724A1 /* ViewController.swift */,
				3063A6C4262D389B00F724A1 /* ViewControllerA.swift */,
				3063A6C7262D38A500F724A1 /* ViewControllerB.swift */,
				3063A6B5262D385700F724A1 /* Main.storyboard */,
				3063A6B8262D385900F724A1 /* Assets.xcassets */,
				3063A6BA262D385900F724A1 /* LaunchScreen.storyboard */,
				3063A6BD262D385900F724A1 /* Info.plist */,
			);
			path = "Activity 1";
			sourceTree = "<group>";
		};
/* End PBXGroup section */

/* Begin PBXNativeTarget section */
		3063A6AB262D385700F724A1 /* Activity 1 */ = {
			isa = PBXNativeTarget;
			buildConfigurationList = 3063A6C0262D385900F724A1 /* Build configuration list for PBXNativeTarget "Activity 1" */;
			buildPhases = (
				3063A6A8262D385700F724A1 /* Sources */,
				3063A6A9262D385700F724A1 /* Frameworks */,
				3063A6AA262D385700F724A1 /* Resources */,
			);
			buildRules = (
			);
			dependencies = (
			);
			name = "Activity 1";
			productName = "Activity 1";
			productReference = 3063A6AC262D385700F724A1 /* Activity 1.app */;
			productType = "com.apple.product-type.application";
		};
/* End PBXNativeTarget section */

/* Begin PBXProject section */
		3063A6A4262D385700F724A1 /* Project object */ = {
			isa = PBXProject;
			attributes = {
				LastSwiftUpdateCheck = 1200;
				LastUpgradeCheck = 1200;
				TargetAttributes = {
					3063A6AB262D385700F724A1 = {
						CreatedOnToolsVersion = 12.0;
					};
				};
			};
			buildConfigurationList = 3063A6A7262D385700F724A1 /* Build configuration list for PBXProject "Activity 1" */;
			compatibilityVersion = "Xcode 9.3";
			developmentRegion = en;
			hasScannedForEncodings = 0;
			knownRegions = (
				en,
				Base,
			);
			mainGroup = 3063A6A3262D385700F724A1;
			productRefGroup = 3063A6AD262D385700F724A1 /* Products */;
			projectDirPath = "";
			projectRoot = "";
			targets = (
				3063A6AB262D385700F724A1 /* Activity 1 */,
			);
		};
/* End PBXProject section */

/* Begin PBXResourcesBuildPhase section */
		3063A6AA262D385700F724A1 /* Resources */ = {
			isa = PBXResourcesBuildPhase;
			buildActionMask = 2147483647;
			files = (
				3063A6BC262D385900F724A1 /* LaunchScreen.storyboard in Resources */,
				3063A6B9262D385900F724A1 /* Assets.xcassets in Resources */,
				3063A6B7262D385700F724A1 /* Main.storyboard in Resources */,
			);
			runOnlyForDeploymentPostprocessing = 0;
		};
/* End PBXResourcesBuildPhase section */

/* Begin PBXSourcesBuildPhase section */
		3063A6A8262D385700F724A1 /* Sources */ = {
			isa = PBXSourcesBuildPhase;
			buildActionMask = 2147483647;
			files = (
				3063A6C5262D389B00F724A1 /* ViewControllerA.swift in Sources */,
				3063A6B4262D385700F724A1 /* ViewController.swift in Sources */,
				3063A6C8262D38A500F724A1 /* ViewControllerB.swift in Sources */,
				3063A6B0262D385700F724A1 /* AppDelegate.swift in Sources */,
				3063A6B2262D385700F724A1 /* SceneDelegate.swift in Sources */,
			);
			runOnlyForDeploymentPostprocessing = 0;
		};
/* End PBXSourcesBuildPhase section */

/* Begin PBXVariantGroup section */
		3063A6B5262D385700F724A1 /* Main.storyboard */ = {
			isa = PBXVariantGroup;
			children = (
				3063A6B6262D385700F724A1 /* Base */,
			);
			name = Main.storyboard;
			sourceTree = "<group>";
		};
		3063A6BA262D385900F724A1 /* LaunchScreen.storyboard */ = {
			isa = PBXVariantGroup;
			children = (
				3063A6BB262D385900F724A1 /* Base */,
			);
			name = LaunchScreen.storyboard;
			sourceTree = "<group>";
		};
/* End PBXVariantGroup section */

/* Begin XCBuildConfiguration section */
		3063A6BE262D385900F724A1 /* Debug */ = {
			isa = XCBuildConfiguration;
			buildSettings = {
				ALWAYS_SEARCH_USER_PATHS = NO;
				CLANG_ANALYZER_NONNULL = YES;
				CLANG_ANALYZER_NUMBER_OBJECT_CONVERSION = YES_AGGRESSIVE;
				CLANG_CXX_LANGUAGE_STANDARD = "gnu++14";
				CLANG_CXX_LIBRARY = "libc++";
				CLANG_ENABLE_MODULES = YES;
				CLANG_ENABLE_OBJC_ARC = YES;
				CLANG_ENABLE_OBJC_WEAK = YES;
				CLANG_WARN_BLOCK_CAPTURE_AUTORELEASING = YES;
				CLANG_WARN_BOOL_CONVERSION = YES;
				CLANG_WARN_COMMA = YES;
				CLANG_WARN_CONSTANT_CONVERSION = YES;
				CLANG_WARN_DEPRECATED_OBJC_IMPLEMENTATIONS = YES;
				CLANG_WARN_DIRECT_OBJC_ISA_USAGE = YES_ERROR;
				CLANG_WARN_DOCUMENTATION_COMMENTS = YES;
				CLANG_WARN_EMPTY_BODY = YES;
				CLANG_WARN_ENUM_CONVERSION = YES;
				CLANG_WARN_INFINITE_RECURSION = YES;
				CLANG_WARN_INT_CONVERSION = YES;
				CLANG_WARN_NON_LITERAL_NULL_CONVERSION = YES;
				CLANG_WARN_OBJC_IMPLICIT_RETAIN_SELF = YES;
				CLANG_WARN_OBJC_LITERAL_CONVERSION = YES;
				CLANG_WARN_OBJC_ROOT_CLASS = YES_ERROR;
				CLANG_WARN_QUOTED_INCLUDE_IN_FRAMEWORK_HEADER = YES;
				CLANG_WARN_RANGE_LOOP_ANALYSIS = YES;
				CLANG_WARN_STRICT_PROTOTYPES = YES;
				CLANG_WARN_SUSPICIOUS_MOVE = YES;
				CLANG_WARN_UNGUARDED_AVAILABILITY = YES_AGGRESSIVE;
				CLANG_WARN_UNREACHABLE_CODE = YES;
				CLANG_WARN__DUPLICATE_METHOD_MATCH = YES;
				COPY_PHASE_STRIP = NO;
				DEBUG_INFORMATION_FORMAT = dwarf;
				ENABLE_STRICT_OBJC_MSGSEND = YES;
				ENABLE_TESTABILITY = YES;
				GCC_C_LANGUAGE_STANDARD = gnu11;
				GCC_DYNAMIC_NO_PIC = NO;
				GCC_NO_COMMON_BLOCKS = YES;
				GCC_OPTIMIZATION_LEVEL = 0;
				GCC_PREPROCESSOR_DEFINITIONS = (
					"DEBUG=1",
					"$(inherited)",
				);
				GCC_WARN_64_TO_32_BIT_CONVERSION = YES;
				GCC_WARN_ABOUT_RETURN_TYPE = YES_ERROR;
				GCC_WARN_UNDECLARED_SELECTOR = YES;
				GCC_WARN_UNINITIALIZED_AUTOS = YES_AGGRESSIVE;
				GCC_WARN_UNUSED_FUNCTION = YES;
				GCC_WARN_UNUSED_VARIABLE = YES;
				IPHONEOS_DEPLOYMENT_TARGET = 14.0;
				MTL_ENABLE_DEBUG_INFO = INCLUDE_SOURCE;
				MTL_FAST_MATH = YES;
				ONLY_ACTIVE_ARCH = YES;
				SDKROOT = iphoneos;
				SWIFT_ACTIVE_COMPILATION_CONDITIONS = DEBUG;
				SWIFT_OPTIMIZATION_LEVEL = "-Onone";
			};
			name = Debug;
		};
		3063A6BF262D385900F724A1 /* Release */ = {
			isa = XCBuildConfiguration;
			buildSettings = {
				ALWAYS_SEARCH_USER_PATHS = NO;
				CLANG_ANALYZER_NONNULL = YES;
				CLANG_ANALYZER_NUMBER_OBJECT_CONVERSION = YES_AGGRESSIVE;
				CLANG_CXX_LANGUAGE_STANDARD = "gnu++14";
				CLANG_CXX_LIBRARY = "libc++";
				CLANG_ENABLE_MODULES = YES;
				CLANG_ENABLE_OBJC_ARC = YES;
				CLANG_ENABLE_OBJC_WEAK = YES;
				CLANG_WARN_BLOCK_CAPTURE_AUTORELEASING = YES;
				CLANG_WARN_BOOL_CONVERSION = YES;
				CLANG_WARN_COMMA = YES;
				CLANG_WARN_CONSTANT_CONVERSION = YES;
				CLANG_WARN_DEPRECATED_OBJC_IMPLEMENTATIONS = YES;
				CLANG_WARN_DIRECT_OBJC_ISA_USAGE = YES_ERROR;
				CLANG_WARN_DOCUMENTATION_COMMENTS = YES;
				CLANG_WARN_EMPTY_BODY = YES;
				CLANG_WARN_ENUM_CONVERSION = YES;
				CLANG_WARN_INFINITE_RECURSION = YES;
				CLANG_WARN_INT_CONVERSION = YES;
				CLANG_WARN_NON_LITERAL_NULL_CONVERSION = YES;
				CLANG_WARN_OBJC_IMPLICIT_RETAIN_SELF = YES;
				CLANG_WARN_OBJC_LITERAL_CONVERSION = YES;
				CLANG_WARN_OBJC_ROOT_CLASS = YES_ERROR;
				CLANG_WARN_QUOTED_INCLUDE_IN_FRAMEWORK_HEADER = YES;
				CLANG_WARN_RANGE_LOOP_ANALYSIS = YES;
				CLANG_WARN_STRICT_PROTOTYPES = YES;
				CLANG_WARN_SUSPICIOUS_MOVE = YES;
				CLANG_WARN_UNGUARDED_AVAILABILITY = YES_AGGRESSIVE;
				CLANG_WARN_UNREACHABLE_CODE = YES;
				CLANG_WARN__DUPLICATE_METHOD_MATCH = YES;
				COPY_PHASE_STRIP = NO;
				DEBUG_INFORMATION_FORMAT = "dwarf-with-dsym";
				ENABLE_NS_ASSERTIONS = NO;
				ENABLE_STRICT_OBJC_MSGSEND = YES;
				GCC_C_LANGUAGE_STANDARD = gnu11;
				GCC_NO_COMMON_BLOCKS = YES;
				GCC_WARN_64_TO_32_BIT_CONVERSION = YES;
				GCC_WARN_ABOUT_RETURN_TYPE = YES_ERROR;
				GCC_WARN_UNDECLARED_SELECTOR = YES;
				GCC_WARN_UNINITIALIZED_AUTOS = YES_AGGRESSIVE;
				GCC_WARN_UNUSED_FUNCTION = YES;
				GCC_WARN_UNUSED_VARIABLE = YES;
				IPHONEOS_DEPLOYMENT_TARGET = 14.0;
				MTL_ENABLE_DEBUG_INFO = NO;
				MTL_FAST_MATH = YES;
				SDKROOT = iphoneos;
				SWIFT_COMPILATION_MODE = wholemodule;
				SWIFT_OPTIMIZATION_LEVEL = "-O";
				VALIDATE_PRODUCT = YES;
			};
			name = Release;
		};
		3063A6C1262D385900F724A1 /* Debug */ = {
			isa = XCBuildConfiguration;
			buildSettings = {
				ASSETCATALOG_COMPILER_APPICON_NAME = AppIcon;
				ASSETCATALOG_COMPILER_GLOBAL_ACCENT_COLOR_NAME = AccentColor;
				CODE_SIGN_STYLE = Automatic;
				INFOPLIST_FILE = "Activity 1/Info.plist";
				LD_RUNPATH_SEARCH_PATHS = (
					"$(inherited)",
					"@executable_path/Frameworks",
				);
				PRODUCT_BUNDLE_IDENTIFIER = "sg.edu.rp.19013345.Activity-1";
				PRODUCT_NAME = "$(TARGET_NAME)";
				SWIFT_VERSION = 5.0;
				TARGETED_DEVICE_FAMILY = "1,2";
			};
			name = Debug;
		};
		3063A6C2262D385900F724A1 /* Release */ = {
			isa = XCBuildConfiguration;
			buildSettings = {
				ASSETCATALOG_COMPILER_APPICON_NAME = AppIcon;
				ASSETCATALOG_COMPILER_GLOBAL_ACCENT_COLOR_NAME = AccentColor;
				CODE_SIGN_STYLE = Automatic;
				INFOPLIST_FILE = "Activity 1/Info.plist";
				LD_RUNPATH_SEARCH_PATHS = (
					"$(inherited)",
					"@executable_path/Frameworks",
				);
				PRODUCT_BUNDLE_IDENTIFIER = "sg.edu.rp.19013345.Activity-1";
				PRODUCT_NAME = "$(TARGET_NAME)";
				SWIFT_VERSION = 5.0;
				TARGETED_DEVICE_FAMILY = "1,2";
			};
			name = Release;
		};
/* End XCBuildConfiguration section */

/* Begin XCConfigurationList section */
		3063A6A7262D385700F724A1 /* Build configuration list for PBXProject "Activity 1" */ = {
			isa = XCConfigurationList;
			buildConfigurations = (
				3063A6BE262D385900F724A1 /* Debug */,
				3063A6BF262D385900F724A1 /* Release */,
			);
			defaultConfigurationIsVisible = 0;
			defaultConfigurationName = Release;
		};
		3063A6C0262D385900F724A1 /* Build configuration list for PBXNativeTarget "Activity 1" */ = {
			isa = XCConfigurationList;
			buildConfigurations = (
				3063A6C1262D385900F724A1 /* Debug */,
				3063A6C2262D385900F724A1 /* Release */,
			);
			defaultConfigurationIsVisible = 0;
			defaultConfigurationName = Release;
		};
/* End XCConfigurationList section */
	};
	rootObject = 3063A6A4262D385700F724A1 /* Project object */;
}
