// !$*UTF8*$!
{
	archiveVersion = 1;
	classes = {
	};
	objectVersion = 50;
	objects = {

/* Begin PBXBuildFile section */
		300131A426C371FB00D8ABEA /* AppDelegate.swift in Sources */ = {isa = PBXBuildFile; fileRef = 300131A326C371FB00D8ABEA /* AppDelegate.swift */; };
		300131A626C371FB00D8ABEA /* SceneDelegate.swift in Sources */ = {isa = PBXBuildFile; fileRef = 300131A526C371FB00D8ABEA /* SceneDelegate.swift */; };
		300131A826C371FB00D8ABEA /* ViewController.swift in Sources */ = {isa = PBXBuildFile; fileRef = 300131A726C371FB00D8ABEA /* ViewController.swift */; };
		300131AB26C371FB00D8ABEA /* Main.storyboard in Resources */ = {isa = PBXBuildFile; fileRef = 300131A926C371FB00D8ABEA /* Main.storyboard */; };
		300131AD26C371FE00D8ABEA /* Assets.xcassets in Resources */ = {isa = PBXBuildFile; fileRef = 300131AC26C371FE00D8ABEA /* Assets.xcassets */; };
		300131B026C371FE00D8ABEA /* LaunchScreen.storyboard in Resources */ = {isa = PBXBuildFile; fileRef = 300131AE26C371FE00D8ABEA /* LaunchScreen.storyboard */; };
		300131B926C37CCE00D8ABEA /* TableViewController.swift in Sources */ = {isa = PBXBuildFile; fileRef = 300131B826C37CCE00D8ABEA /* TableViewController.swift */; };
		300131BC26C37D9200D8ABEA /* Reminder.swift in Sources */ = {isa = PBXBuildFile; fileRef = 300131BB26C37D9200D8ABEA /* Reminder.swift */; };
/* End PBXBuildFile section */

/* Begin PBXFileReference section */
		300131A026C371FB00D8ABEA /* ProblemStatement.app */ = {isa = PBXFileReference; explicitFileType = wrapper.application; includeInIndex = 0; path = ProblemStatement.app; sourceTree = BUILT_PRODUCTS_DIR; };
		300131A326C371FB00D8ABEA /* AppDelegate.swift */ = {isa = PBXFileReference; lastKnownFileType = sourcecode.swift; path = AppDelegate.swift; sourceTree = "<group>"; };
		300131A526C371FB00D8ABEA /* SceneDelegate.swift */ = {isa = PBXFileReference; lastKnownFileType = sourcecode.swift; path = SceneDelegate.swift; sourceTree = "<group>"; };
		300131A726C371FB00D8ABEA /* ViewController.swift */ = {isa = PBXFileReference; lastKnownFileType = sourcecode.swift; path = ViewController.swift; sourceTree = "<group>"; };
		300131AA26C371FB00D8ABEA /* Base */ = {isa = PBXFileReference; lastKnownFileType = file.storyboard; name = Base; path = Base.lproj/Main.storyboard; sourceTree = "<group>"; };
		300131AC26C371FE00D8ABEA /* Assets.xcassets */ = {isa = PBXFileReference; lastKnownFileType = folder.assetcatalog; path = Assets.xcassets; sourceTree = "<group>"; };
		300131AF26C371FE00D8ABEA /* Base */ = {isa = PBXFileReference; lastKnownFileType = file.storyboard; name = Base; path = Base.lproj/LaunchScreen.storyboard; sourceTree = "<group>"; };
		300131B126C371FE00D8ABEA /* Info.plist */ = {isa = PBXFileReference; lastKnownFileType = text.plist.xml; path = Info.plist; sourceTree = "<group>"; };
		300131B826C37CCE00D8ABEA /* TableViewController.swift */ = {isa = PBXFileReference; lastKnownFileType = sourcecode.swift; path = TableViewController.swift; sourceTree = "<group>"; };
		300131BB26C37D9200D8ABEA /* Reminder.swift */ = {isa = PBXFileReference; lastKnownFileType = sourcecode.swift; path = Reminder.swift; sourceTree = "<group>"; };
/* End PBXFileReference section */

/* Begin PBXFrameworksBuildPhase section */
		3001319D26C371FB00D8ABEA /* Frameworks */ = {
			isa = PBXFrameworksBuildPhase;
			buildActionMask = 2147483647;
			files = (
			);
			runOnlyForDeploymentPostprocessing = 0;
		};
/* End PBXFrameworksBuildPhase section */

/* Begin PBXGroup section */
		3001319726C371FB00D8ABEA = {
			isa = PBXGroup;
			children = (
				300131A226C371FB00D8ABEA /* ProblemStatement */,
				300131A126C371FB00D8ABEA /* Products */,
			);
			sourceTree = "<group>";
		};
		300131A126C371FB00D8ABEA /* Products */ = {
			isa = PBXGroup;
			children = (
				300131A026C371FB00D8ABEA /* ProblemStatement.app */,
			);
			name = Products;
			sourceTree = "<group>";
		};
		300131A226C371FB00D8ABEA /* ProblemStatement */ = {
			isa = PBXGroup;
			children = (
				300131A326C371FB00D8ABEA /* AppDelegate.swift */,
				300131A526C371FB00D8ABEA /* SceneDelegate.swift */,
				300131A726C371FB00D8ABEA /* ViewController.swift */,
				300131A926C371FB00D8ABEA /* Main.storyboard */,
				300131B826C37CCE00D8ABEA /* TableViewController.swift */,
				300131BB26C37D9200D8ABEA /* Reminder.swift */,
				300131AC26C371FE00D8ABEA /* Assets.xcassets */,
				300131AE26C371FE00D8ABEA /* LaunchScreen.storyboard */,
				300131B126C371FE00D8ABEA /* Info.plist */,
			);
			path = ProblemStatement;
			sourceTree = "<group>";
		};
/* End PBXGroup section */

/* Begin PBXNativeTarget section */
		3001319F26C371FB00D8ABEA /* ProblemStatement */ = {
			isa = PBXNativeTarget;
			buildConfigurationList = 300131B426C371FE00D8ABEA /* Build configuration list for PBXNativeTarget "ProblemStatement" */;
			buildPhases = (
				3001319C26C371FB00D8ABEA /* Sources */,
				3001319D26C371FB00D8ABEA /* Frameworks */,
				3001319E26C371FB00D8ABEA /* Resources */,
			);
			buildRules = (
			);
			dependencies = (
			);
			name = ProblemStatement;
			productName = ProblemStatement;
			productReference = 300131A026C371FB00D8ABEA /* ProblemStatement.app */;
			productType = "com.apple.product-type.application";
		};
/* End PBXNativeTarget section */

/* Begin PBXProject section */
		3001319826C371FB00D8ABEA /* Project object */ = {
			isa = PBXProject;
			attributes = {
				LastSwiftUpdateCheck = 1200;
				LastUpgradeCheck = 1200;
				TargetAttributes = {
					3001319F26C371FB00D8ABEA = {
						CreatedOnToolsVersion = 12.0;
					};
				};
			};
			buildConfigurationList = 3001319B26C371FB00D8ABEA /* Build configuration list for PBXProject "ProblemStatement" */;
			compatibilityVersion = "Xcode 9.3";
			developmentRegion = en;
			hasScannedForEncodings = 0;
			knownRegions = (
				en,
				Base,
			);
			mainGroup = 3001319726C371FB00D8ABEA;
			productRefGroup = 300131A126C371FB00D8ABEA /* Products */;
			projectDirPath = "";
			projectRoot = "";
			targets = (
				3001319F26C371FB00D8ABEA /* ProblemStatement */,
			);
		};
/* End PBXProject section */

/* Begin PBXResourcesBuildPhase section */
		3001319E26C371FB00D8ABEA /* Resources */ = {
			isa = PBXResourcesBuildPhase;
			buildActionMask = 2147483647;
			files = (
				300131B026C371FE00D8ABEA /* LaunchScreen.storyboard in Resources */,
				300131AD26C371FE00D8ABEA /* Assets.xcassets in Resources */,
				300131AB26C371FB00D8ABEA /* Main.storyboard in Resources */,
			);
			runOnlyForDeploymentPostprocessing = 0;
		};
/* End PBXResourcesBuildPhase section */

/* Begin PBXSourcesBuildPhase section */
		3001319C26C371FB00D8ABEA /* Sources */ = {
			isa = PBXSourcesBuildPhase;
			buildActionMask = 2147483647;
			files = (
				300131A826C371FB00D8ABEA /* ViewController.swift in Sources */,
				300131A426C371FB00D8ABEA /* AppDelegate.swift in Sources */,
				300131A626C371FB00D8ABEA /* SceneDelegate.swift in Sources */,
				300131B926C37CCE00D8ABEA /* TableViewController.swift in Sources */,
				300131BC26C37D9200D8ABEA /* Reminder.swift in Sources */,
			);
			runOnlyForDeploymentPostprocessing = 0;
		};
/* End PBXSourcesBuildPhase section */

/* Begin PBXVariantGroup section */
		300131A926C371FB00D8ABEA /* Main.storyboard */ = {
			isa = PBXVariantGroup;
			children = (
				300131AA26C371FB00D8ABEA /* Base */,
			);
			name = Main.storyboard;
			sourceTree = "<group>";
		};
		300131AE26C371FE00D8ABEA /* LaunchScreen.storyboard */ = {
			isa = PBXVariantGroup;
			children = (
				300131AF26C371FE00D8ABEA /* Base */,
			);
			name = LaunchScreen.storyboard;
			sourceTree = "<group>";
		};
/* End PBXVariantGroup section */

/* Begin XCBuildConfiguration section */
		300131B226C371FE00D8ABEA /* Debug */ = {
			isa = XCBuildConfiguration;
			buildSettings = {
				ALWAYS_SEARCH_USER_PATHS = NO;
				CLANG_ANALYZER_NONNULL = YES;
				CLANG_ANALYZER_NUMBER_OBJECT_CONVERSION = YES_AGGRESSIVE;
				CLANG_CXX_LANGUAGE_STANDARD = "gnu++14";
				CLANG_CXX_LIBRARY = "libc++";
				CLANG_ENABLE_MODULES = YES;
				CLANG_ENABLE_OBJC_ARC = YES;
				CLANG_ENABLE_OBJC_WEAK = YES;
				CLANG_WARN_BLOCK_CAPTURE_AUTORELEASING = YES;
				CLANG_WARN_BOOL_CONVERSION = YES;
				CLANG_WARN_COMMA = YES;
				CLANG_WARN_CONSTANT_CONVERSION = YES;
				CLANG_WARN_DEPRECATED_OBJC_IMPLEMENTATIONS = YES;
				CLANG_WARN_DIRECT_OBJC_ISA_USAGE = YES_ERROR;
				CLANG_WARN_DOCUMENTATION_COMMENTS = YES;
				CLANG_WARN_EMPTY_BODY = YES;
				CLANG_WARN_ENUM_CONVERSION = YES;
				CLANG_WARN_INFINITE_RECURSION = YES;
				CLANG_WARN_INT_CONVERSION = YES;
				CLANG_WARN_NON_LITERAL_NULL_CONVERSION = YES;
				CLANG_WARN_OBJC_IMPLICIT_RETAIN_SELF = YES;
				CLANG_WARN_OBJC_LITERAL_CONVERSION = YES;
				CLANG_WARN_OBJC_ROOT_CLASS = YES_ERROR;
				CLANG_WARN_QUOTED_INCLUDE_IN_FRAMEWORK_HEADER = YES;
				CLANG_WARN_RANGE_LOOP_ANALYSIS = YES;
				CLANG_WARN_STRICT_PROTOTYPES = YES;
				CLANG_WARN_SUSPICIOUS_MOVE = YES;
				CLANG_WARN_UNGUARDED_AVAILABILITY = YES_AGGRESSIVE;
				CLANG_WARN_UNREACHABLE_CODE = YES;
				CLANG_WARN__DUPLICATE_METHOD_MATCH = YES;
				COPY_PHASE_STRIP = NO;
				DEBUG_INFORMATION_FORMAT = dwarf;
				ENABLE_STRICT_OBJC_MSGSEND = YES;
				ENABLE_TESTABILITY = YES;
				GCC_C_LANGUAGE_STANDARD = gnu11;
				GCC_DYNAMIC_NO_PIC = NO;
				GCC_NO_COMMON_BLOCKS = YES;
				GCC_OPTIMIZATION_LEVEL = 0;
				GCC_PREPROCESSOR_DEFINITIONS = (
					"DEBUG=1",
					"$(inherited)",
				);
				GCC_WARN_64_TO_32_BIT_CONVERSION = YES;
				GCC_WARN_ABOUT_RETURN_TYPE = YES_ERROR;
				GCC_WARN_UNDECLARED_SELECTOR = YES;
				GCC_WARN_UNINITIALIZED_AUTOS = YES_AGGRESSIVE;
				GCC_WARN_UNUSED_FUNCTION = YES;
				GCC_WARN_UNUSED_VARIABLE = YES;
				IPHONEOS_DEPLOYMENT_TARGET = 14.0;
				MTL_ENABLE_DEBUG_INFO = INCLUDE_SOURCE;
				MTL_FAST_MATH = YES;
				ONLY_ACTIVE_ARCH = YES;
				SDKROOT = iphoneos;
				SWIFT_ACTIVE_COMPILATION_CONDITIONS = DEBUG;
				SWIFT_OPTIMIZATION_LEVEL = "-Onone";
			};
			name = Debug;
		};
		300131B326C371FE00D8ABEA /* Release */ = {
			isa = XCBuildConfiguration;
			buildSettings = {
				ALWAYS_SEARCH_USER_PATHS = NO;
				CLANG_ANALYZER_NONNULL = YES;
				CLANG_ANALYZER_NUMBER_OBJECT_CONVERSION = YES_AGGRESSIVE;
				CLANG_CXX_LANGUAGE_STANDARD = "gnu++14";
				CLANG_CXX_LIBRARY = "libc++";
				CLANG_ENABLE_MODULES = YES;
				CLANG_ENABLE_OBJC_ARC = YES;
				CLANG_ENABLE_OBJC_WEAK = YES;
				CLANG_WARN_BLOCK_CAPTURE_AUTORELEASING = YES;
				CLANG_WARN_BOOL_CONVERSION = YES;
				CLANG_WARN_COMMA = YES;
				CLANG_WARN_CONSTANT_CONVERSION = YES;
				CLANG_WARN_DEPRECATED_OBJC_IMPLEMENTATIONS = YES;
				CLANG_WARN_DIRECT_OBJC_ISA_USAGE = YES_ERROR;
				CLANG_WARN_DOCUMENTATION_COMMENTS = YES;
				CLANG_WARN_EMPTY_BODY = YES;
				CLANG_WARN_ENUM_CONVERSION = YES;
				CLANG_WARN_INFINITE_RECURSION = YES;
				CLANG_WARN_INT_CONVERSION = YES;
				CLANG_WARN_NON_LITERAL_NULL_CONVERSION = YES;
				CLANG_WARN_OBJC_IMPLICIT_RETAIN_SELF = YES;
				CLANG_WARN_OBJC_LITERAL_CONVERSION = YES;
				CLANG_WARN_OBJC_ROOT_CLASS = YES_ERROR;
				CLANG_WARN_QUOTED_INCLUDE_IN_FRAMEWORK_HEADER = YES;
				CLANG_WARN_RANGE_LOOP_ANALYSIS = YES;
				CLANG_WARN_STRICT_PROTOTYPES = YES;
				CLANG_WARN_SUSPICIOUS_MOVE = YES;
				CLANG_WARN_UNGUARDED_AVAILABILITY = YES_AGGRESSIVE;
				CLANG_WARN_UNREACHABLE_CODE = YES;
				CLANG_WARN__DUPLICATE_METHOD_MATCH = YES;
				COPY_PHASE_STRIP = NO;
				DEBUG_INFORMATION_FORMAT = "dwarf-with-dsym";
				ENABLE_NS_ASSERTIONS = NO;
				ENABLE_STRICT_OBJC_MSGSEND = YES;
				GCC_C_LANGUAGE_STANDARD = gnu11;
				GCC_NO_COMMON_BLOCKS = YES;
				GCC_WARN_64_TO_32_BIT_CONVERSION = YES;
				GCC_WARN_ABOUT_RETURN_TYPE = YES_ERROR;
				GCC_WARN_UNDECLARED_SELECTOR = YES;
				GCC_WARN_UNINITIALIZED_AUTOS = YES_AGGRESSIVE;
				GCC_WARN_UNUSED_FUNCTION = YES;
				GCC_WARN_UNUSED_VARIABLE = YES;
				IPHONEOS_DEPLOYMENT_TARGET = 14.0;
				MTL_ENABLE_DEBUG_INFO = NO;
				MTL_FAST_MATH = YES;
				SDKROOT = iphoneos;
				SWIFT_COMPILATION_MODE = wholemodule;
				SWIFT_OPTIMIZATION_LEVEL = "-O";
				VALIDATE_PRODUCT = YES;
			};
			name = Release;
		};
		300131B526C371FE00D8ABEA /* Debug */ = {
			isa = XCBuildConfiguration;
			buildSettings = {
				ASSETCATALOG_COMPILER_APPICON_NAME = AppIcon;
				ASSETCATALOG_COMPILER_GLOBAL_ACCENT_COLOR_NAME = AccentColor;
				CODE_SIGN_STYLE = Automatic;
				INFOPLIST_FILE = ProblemStatement/Info.plist;
				LD_RUNPATH_SEARCH_PATHS = (
					"$(inherited)",
					"@executable_path/Frameworks",
				);
				PRODUCT_BUNDLE_IDENTIFIER = sg.edu.rp.19013345.ProblemStatement;
				PRODUCT_NAME = "$(TARGET_NAME)";
				SWIFT_VERSION = 5.0;
				TARGETED_DEVICE_FAMILY = "1,2";
			};
			name = Debug;
		};
		300131B626C371FE00D8ABEA /* Release */ = {
			isa = XCBuildConfiguration;
			buildSettings = {
				ASSETCATALOG_COMPILER_APPICON_NAME = AppIcon;
				ASSETCATALOG_COMPILER_GLOBAL_ACCENT_COLOR_NAME = AccentColor;
				CODE_SIGN_STYLE = Automatic;
				INFOPLIST_FILE = ProblemStatement/Info.plist;
				LD_RUNPATH_SEARCH_PATHS = (
					"$(inherited)",
					"@executable_path/Frameworks",
				);
				PRODUCT_BUNDLE_IDENTIFIER = sg.edu.rp.19013345.ProblemStatement;
				PRODUCT_NAME = "$(TARGET_NAME)";
				SWIFT_VERSION = 5.0;
				TARGETED_DEVICE_FAMILY = "1,2";
			};
			name = Release;
		};
/* End XCBuildConfiguration section */

/* Begin XCConfigurationList section */
		3001319B26C371FB00D8ABEA /* Build configuration list for PBXProject "ProblemStatement" */ = {
			isa = XCConfigurationList;
			buildConfigurations = (
				300131B226C371FE00D8ABEA /* Debug */,
				300131B326C371FE00D8ABEA /* Release */,
			);
			defaultConfigurationIsVisible = 0;
			defaultConfigurationName = Release;
		};
		300131B426C371FE00D8ABEA /* Build configuration list for PBXNativeTarget "ProblemStatement" */ = {
			isa = XCConfigurationList;
			buildConfigurations = (
				300131B526C371FE00D8ABEA /* Debug */,
				300131B626C371FE00D8ABEA /* Release */,
			);
			defaultConfigurationIsVisible = 0;
			defaultConfigurationName = Release;
		};
/* End XCConfigurationList section */
	};
	rootObject = 3001319826C371FB00D8ABEA /* Project object */;
}
