// !$*UTF8*$!
{
	archiveVersion = 1;
	classes = {
	};
	objectVersion = 50;
	objects = {

/* Begin PBXBuildFile section */
		30980B0E26B7AE3D000CD65F /* AppDelegate.swift in Sources */ = {isa = PBXBuildFile; fileRef = 30980B0D26B7AE3D000CD65F /* AppDelegate.swift */; };
		30980B1026B7AE3D000CD65F /* SceneDelegate.swift in Sources */ = {isa = PBXBuildFile; fileRef = 30980B0F26B7AE3D000CD65F /* SceneDelegate.swift */; };
		30980B1226B7AE3D000CD65F /* ViewController.swift in Sources */ = {isa = PBXBuildFile; fileRef = 30980B1126B7AE3D000CD65F /* ViewController.swift */; };
		30980B1526B7AE3D000CD65F /* Main.storyboard in Resources */ = {isa = PBXBuildFile; fileRef = 30980B1326B7AE3D000CD65F /* Main.storyboard */; };
		30980B1726B7AE3D000CD65F /* Assets.xcassets in Resources */ = {isa = PBXBuildFile; fileRef = 30980B1626B7AE3D000CD65F /* Assets.xcassets */; };
		30980B1A26B7AE3D000CD65F /* LaunchScreen.storyboard in Resources */ = {isa = PBXBuildFile; fileRef = 30980B1826B7AE3D000CD65F /* LaunchScreen.storyboard */; };
		30980B2326B7AE78000CD65F /* TableViewController.swift in Sources */ = {isa = PBXBuildFile; fileRef = 30980B2226B7AE78000CD65F /* TableViewController.swift */; };
		30980B2B26B7AEF9000CD65F /* NgeeAnnCity.gpx in Resources */ = {isa = PBXBuildFile; fileRef = 30980B2526B7AEF8000CD65F /* NgeeAnnCity.gpx */; };
		30980B2C26B7AEF9000CD65F /* NightSafari.gpx in Resources */ = {isa = PBXBuildFile; fileRef = 30980B2626B7AEF8000CD65F /* NightSafari.gpx */; };
		30980B2D26B7AEF9000CD65F /* Junction8.gpx in Resources */ = {isa = PBXBuildFile; fileRef = 30980B2726B7AEF8000CD65F /* Junction8.gpx */; };
		30980B2E26B7AEF9000CD65F /* ParkwayParade.gpx in Resources */ = {isa = PBXBuildFile; fileRef = 30980B2826B7AEF9000CD65F /* ParkwayParade.gpx */; };
		30980B2F26B7AEF9000CD65F /* CausewayPoint.gpx in Resources */ = {isa = PBXBuildFile; fileRef = 30980B2926B7AEF9000CD65F /* CausewayPoint.gpx */; };
		30980B3026B7AEF9000CD65F /* SingaporeFlyer.gpx in Resources */ = {isa = PBXBuildFile; fileRef = 30980B2A26B7AEF9000CD65F /* SingaporeFlyer.gpx */; };
		30980B3326B7B004000CD65F /* Locations.swift in Sources */ = {isa = PBXBuildFile; fileRef = 30980B3226B7B004000CD65F /* Locations.swift */; };
/* End PBXBuildFile section */

/* Begin PBXFileReference section */
		30980B0A26B7AE3D000CD65F /* ProblemStatement.app */ = {isa = PBXFileReference; explicitFileType = wrapper.application; includeInIndex = 0; path = ProblemStatement.app; sourceTree = BUILT_PRODUCTS_DIR; };
		30980B0D26B7AE3D000CD65F /* AppDelegate.swift */ = {isa = PBXFileReference; lastKnownFileType = sourcecode.swift; path = AppDelegate.swift; sourceTree = "<group>"; };
		30980B0F26B7AE3D000CD65F /* SceneDelegate.swift */ = {isa = PBXFileReference; lastKnownFileType = sourcecode.swift; path = SceneDelegate.swift; sourceTree = "<group>"; };
		30980B1126B7AE3D000CD65F /* ViewController.swift */ = {isa = PBXFileReference; lastKnownFileType = sourcecode.swift; path = ViewController.swift; sourceTree = "<group>"; };
		30980B1426B7AE3D000CD65F /* Base */ = {isa = PBXFileReference; lastKnownFileType = file.storyboard; name = Base; path = Base.lproj/Main.storyboard; sourceTree = "<group>"; };
		30980B1626B7AE3D000CD65F /* Assets.xcassets */ = {isa = PBXFileReference; lastKnownFileType = folder.assetcatalog; path = Assets.xcassets; sourceTree = "<group>"; };
		30980B1926B7AE3D000CD65F /* Base */ = {isa = PBXFileReference; lastKnownFileType = file.storyboard; name = Base; path = Base.lproj/LaunchScreen.storyboard; sourceTree = "<group>"; };
		30980B1B26B7AE3D000CD65F /* Info.plist */ = {isa = PBXFileReference; lastKnownFileType = text.plist.xml; path = Info.plist; sourceTree = "<group>"; };
		30980B2226B7AE78000CD65F /* TableViewController.swift */ = {isa = PBXFileReference; lastKnownFileType = sourcecode.swift; path = TableViewController.swift; sourceTree = "<group>"; };
		30980B2526B7AEF8000CD65F /* NgeeAnnCity.gpx */ = {isa = PBXFileReference; fileEncoding = 4; lastKnownFileType = text.xml; path = NgeeAnnCity.gpx; sourceTree = "<group>"; };
		30980B2626B7AEF8000CD65F /* NightSafari.gpx */ = {isa = PBXFileReference; fileEncoding = 4; lastKnownFileType = text.xml; path = NightSafari.gpx; sourceTree = "<group>"; };
		30980B2726B7AEF8000CD65F /* Junction8.gpx */ = {isa = PBXFileReference; fileEncoding = 4; lastKnownFileType = text.xml; path = Junction8.gpx; sourceTree = "<group>"; };
		30980B2826B7AEF9000CD65F /* ParkwayParade.gpx */ = {isa = PBXFileReference; fileEncoding = 4; lastKnownFileType = text.xml; path = ParkwayParade.gpx; sourceTree = "<group>"; };
		30980B2926B7AEF9000CD65F /* CausewayPoint.gpx */ = {isa = PBXFileReference; fileEncoding = 4; lastKnownFileType = text.xml; path = CausewayPoint.gpx; sourceTree = "<group>"; };
		30980B2A26B7AEF9000CD65F /* SingaporeFlyer.gpx */ = {isa = PBXFileReference; fileEncoding = 4; lastKnownFileType = text.xml; path = SingaporeFlyer.gpx; sourceTree = "<group>"; };
		30980B3226B7B004000CD65F /* Locations.swift */ = {isa = PBXFileReference; lastKnownFileType = sourcecode.swift; path = Locations.swift; sourceTree = "<group>"; };
/* End PBXFileReference section */

/* Begin PBXFrameworksBuildPhase section */
		30980B0726B7AE3D000CD65F /* Frameworks */ = {
			isa = PBXFrameworksBuildPhase;
			buildActionMask = 2147483647;
			files = (
			);
			runOnlyForDeploymentPostprocessing = 0;
		};
/* End PBXFrameworksBuildPhase section */

/* Begin PBXGroup section */
		30980B0126B7AE3D000CD65F = {
			isa = PBXGroup;
			children = (
				30980B0C26B7AE3D000CD65F /* ProblemStatement */,
				30980B0B26B7AE3D000CD65F /* Products */,
			);
			sourceTree = "<group>";
		};
		30980B0B26B7AE3D000CD65F /* Products */ = {
			isa = PBXGroup;
			children = (
				30980B0A26B7AE3D000CD65F /* ProblemStatement.app */,
			);
			name = Products;
			sourceTree = "<group>";
		};
		30980B0C26B7AE3D000CD65F /* ProblemStatement */ = {
			isa = PBXGroup;
			children = (
				30980B2926B7AEF9000CD65F /* CausewayPoint.gpx */,
				30980B2726B7AEF8000CD65F /* Junction8.gpx */,
				30980B2526B7AEF8000CD65F /* NgeeAnnCity.gpx */,
				30980B2626B7AEF8000CD65F /* NightSafari.gpx */,
				30980B2826B7AEF9000CD65F /* ParkwayParade.gpx */,
				30980B2A26B7AEF9000CD65F /* SingaporeFlyer.gpx */,
				30980B0D26B7AE3D000CD65F /* AppDelegate.swift */,
				30980B0F26B7AE3D000CD65F /* SceneDelegate.swift */,
				30980B1126B7AE3D000CD65F /* ViewController.swift */,
				30980B1326B7AE3D000CD65F /* Main.storyboard */,
				30980B3226B7B004000CD65F /* Locations.swift */,
				30980B2226B7AE78000CD65F /* TableViewController.swift */,
				30980B1626B7AE3D000CD65F /* Assets.xcassets */,
				30980B1826B7AE3D000CD65F /* LaunchScreen.storyboard */,
				30980B1B26B7AE3D000CD65F /* Info.plist */,
			);
			path = ProblemStatement;
			sourceTree = "<group>";
		};
/* End PBXGroup section */

/* Begin PBXNativeTarget section */
		30980B0926B7AE3D000CD65F /* ProblemStatement */ = {
			isa = PBXNativeTarget;
			buildConfigurationList = 30980B1E26B7AE3D000CD65F /* Build configuration list for PBXNativeTarget "ProblemStatement" */;
			buildPhases = (
				30980B0626B7AE3D000CD65F /* Sources */,
				30980B0726B7AE3D000CD65F /* Frameworks */,
				30980B0826B7AE3D000CD65F /* Resources */,
			);
			buildRules = (
			);
			dependencies = (
			);
			name = ProblemStatement;
			productName = ProblemStatement;
			productReference = 30980B0A26B7AE3D000CD65F /* ProblemStatement.app */;
			productType = "com.apple.product-type.application";
		};
/* End PBXNativeTarget section */

/* Begin PBXProject section */
		30980B0226B7AE3D000CD65F /* Project object */ = {
			isa = PBXProject;
			attributes = {
				LastSwiftUpdateCheck = 1200;
				LastUpgradeCheck = 1200;
				TargetAttributes = {
					30980B0926B7AE3D000CD65F = {
						CreatedOnToolsVersion = 12.0;
					};
				};
			};
			buildConfigurationList = 30980B0526B7AE3D000CD65F /* Build configuration list for PBXProject "ProblemStatement" */;
			compatibilityVersion = "Xcode 9.3";
			developmentRegion = en;
			hasScannedForEncodings = 0;
			knownRegions = (
				en,
				Base,
			);
			mainGroup = 30980B0126B7AE3D000CD65F;
			productRefGroup = 30980B0B26B7AE3D000CD65F /* Products */;
			projectDirPath = "";
			projectRoot = "";
			targets = (
				30980B0926B7AE3D000CD65F /* ProblemStatement */,
			);
		};
/* End PBXProject section */

/* Begin PBXResourcesBuildPhase section */
		30980B0826B7AE3D000CD65F /* Resources */ = {
			isa = PBXResourcesBuildPhase;
			buildActionMask = 2147483647;
			files = (
				30980B1A26B7AE3D000CD65F /* LaunchScreen.storyboard in Resources */,
				30980B2B26B7AEF9000CD65F /* NgeeAnnCity.gpx in Resources */,
				30980B2F26B7AEF9000CD65F /* CausewayPoint.gpx in Resources */,
				30980B2D26B7AEF9000CD65F /* Junction8.gpx in Resources */,
				30980B1726B7AE3D000CD65F /* Assets.xcassets in Resources */,
				30980B1526B7AE3D000CD65F /* Main.storyboard in Resources */,
				30980B2E26B7AEF9000CD65F /* ParkwayParade.gpx in Resources */,
				30980B2C26B7AEF9000CD65F /* NightSafari.gpx in Resources */,
				30980B3026B7AEF9000CD65F /* SingaporeFlyer.gpx in Resources */,
			);
			runOnlyForDeploymentPostprocessing = 0;
		};
/* End PBXResourcesBuildPhase section */

/* Begin PBXSourcesBuildPhase section */
		30980B0626B7AE3D000CD65F /* Sources */ = {
			isa = PBXSourcesBuildPhase;
			buildActionMask = 2147483647;
			files = (
				30980B1226B7AE3D000CD65F /* ViewController.swift in Sources */,
				30980B0E26B7AE3D000CD65F /* AppDelegate.swift in Sources */,
				30980B1026B7AE3D000CD65F /* SceneDelegate.swift in Sources */,
				30980B3326B7B004000CD65F /* Locations.swift in Sources */,
				30980B2326B7AE78000CD65F /* TableViewController.swift in Sources */,
			);
			runOnlyForDeploymentPostprocessing = 0;
		};
/* End PBXSourcesBuildPhase section */

/* Begin PBXVariantGroup section */
		30980B1326B7AE3D000CD65F /* Main.storyboard */ = {
			isa = PBXVariantGroup;
			children = (
				30980B1426B7AE3D000CD65F /* Base */,
			);
			name = Main.storyboard;
			sourceTree = "<group>";
		};
		30980B1826B7AE3D000CD65F /* LaunchScreen.storyboard */ = {
			isa = PBXVariantGroup;
			children = (
				30980B1926B7AE3D000CD65F /* Base */,
			);
			name = LaunchScreen.storyboard;
			sourceTree = "<group>";
		};
/* End PBXVariantGroup section */

/* Begin XCBuildConfiguration section */
		30980B1C26B7AE3D000CD65F /* Debug */ = {
			isa = XCBuildConfiguration;
			buildSettings = {
				ALWAYS_SEARCH_USER_PATHS = NO;
				CLANG_ANALYZER_NONNULL = YES;
				CLANG_ANALYZER_NUMBER_OBJECT_CONVERSION = YES_AGGRESSIVE;
				CLANG_CXX_LANGUAGE_STANDARD = "gnu++14";
				CLANG_CXX_LIBRARY = "libc++";
				CLANG_ENABLE_MODULES = YES;
				CLANG_ENABLE_OBJC_ARC = YES;
				CLANG_ENABLE_OBJC_WEAK = YES;
				CLANG_WARN_BLOCK_CAPTURE_AUTORELEASING = YES;
				CLANG_WARN_BOOL_CONVERSION = YES;
				CLANG_WARN_COMMA = YES;
				CLANG_WARN_CONSTANT_CONVERSION = YES;
				CLANG_WARN_DEPRECATED_OBJC_IMPLEMENTATIONS = YES;
				CLANG_WARN_DIRECT_OBJC_ISA_USAGE = YES_ERROR;
				CLANG_WARN_DOCUMENTATION_COMMENTS = YES;
				CLANG_WARN_EMPTY_BODY = YES;
				CLANG_WARN_ENUM_CONVERSION = YES;
				CLANG_WARN_INFINITE_RECURSION = YES;
				CLANG_WARN_INT_CONVERSION = YES;
				CLANG_WARN_NON_LITERAL_NULL_CONVERSION = YES;
				CLANG_WARN_OBJC_IMPLICIT_RETAIN_SELF = YES;
				CLANG_WARN_OBJC_LITERAL_CONVERSION = YES;
				CLANG_WARN_OBJC_ROOT_CLASS = YES_ERROR;
				CLANG_WARN_QUOTED_INCLUDE_IN_FRAMEWORK_HEADER = YES;
				CLANG_WARN_RANGE_LOOP_ANALYSIS = YES;
				CLANG_WARN_STRICT_PROTOTYPES = YES;
				CLANG_WARN_SUSPICIOUS_MOVE = YES;
				CLANG_WARN_UNGUARDED_AVAILABILITY = YES_AGGRESSIVE;
				CLANG_WARN_UNREACHABLE_CODE = YES;
				CLANG_WARN__DUPLICATE_METHOD_MATCH = YES;
				COPY_PHASE_STRIP = NO;
				DEBUG_INFORMATION_FORMAT = dwarf;
				ENABLE_STRICT_OBJC_MSGSEND = YES;
				ENABLE_TESTABILITY = YES;
				GCC_C_LANGUAGE_STANDARD = gnu11;
				GCC_DYNAMIC_NO_PIC = NO;
				GCC_NO_COMMON_BLOCKS = YES;
				GCC_OPTIMIZATION_LEVEL = 0;
				GCC_PREPROCESSOR_DEFINITIONS = (
					"DEBUG=1",
					"$(inherited)",
				);
				GCC_WARN_64_TO_32_BIT_CONVERSION = YES;
				GCC_WARN_ABOUT_RETURN_TYPE = YES_ERROR;
				GCC_WARN_UNDECLARED_SELECTOR = YES;
				GCC_WARN_UNINITIALIZED_AUTOS = YES_AGGRESSIVE;
				GCC_WARN_UNUSED_FUNCTION = YES;
				GCC_WARN_UNUSED_VARIABLE = YES;
				IPHONEOS_DEPLOYMENT_TARGET = 14.0;
				MTL_ENABLE_DEBUG_INFO = INCLUDE_SOURCE;
				MTL_FAST_MATH = YES;
				ONLY_ACTIVE_ARCH = YES;
				SDKROOT = iphoneos;
				SWIFT_ACTIVE_COMPILATION_CONDITIONS = DEBUG;
				SWIFT_OPTIMIZATION_LEVEL = "-Onone";
			};
			name = Debug;
		};
		30980B1D26B7AE3D000CD65F /* Release */ = {
			isa = XCBuildConfiguration;
			buildSettings = {
				ALWAYS_SEARCH_USER_PATHS = NO;
				CLANG_ANALYZER_NONNULL = YES;
				CLANG_ANALYZER_NUMBER_OBJECT_CONVERSION = YES_AGGRESSIVE;
				CLANG_CXX_LANGUAGE_STANDARD = "gnu++14";
				CLANG_CXX_LIBRARY = "libc++";
				CLANG_ENABLE_MODULES = YES;
				CLANG_ENABLE_OBJC_ARC = YES;
				CLANG_ENABLE_OBJC_WEAK = YES;
				CLANG_WARN_BLOCK_CAPTURE_AUTORELEASING = YES;
				CLANG_WARN_BOOL_CONVERSION = YES;
				CLANG_WARN_COMMA = YES;
				CLANG_WARN_CONSTANT_CONVERSION = YES;
				CLANG_WARN_DEPRECATED_OBJC_IMPLEMENTATIONS = YES;
				CLANG_WARN_DIRECT_OBJC_ISA_USAGE = YES_ERROR;
				CLANG_WARN_DOCUMENTATION_COMMENTS = YES;
				CLANG_WARN_EMPTY_BODY = YES;
				CLANG_WARN_ENUM_CONVERSION = YES;
				CLANG_WARN_INFINITE_RECURSION = YES;
				CLANG_WARN_INT_CONVERSION = YES;
				CLANG_WARN_NON_LITERAL_NULL_CONVERSION = YES;
				CLANG_WARN_OBJC_IMPLICIT_RETAIN_SELF = YES;
				CLANG_WARN_OBJC_LITERAL_CONVERSION = YES;
				CLANG_WARN_OBJC_ROOT_CLASS = YES_ERROR;
				CLANG_WARN_QUOTED_INCLUDE_IN_FRAMEWORK_HEADER = YES;
				CLANG_WARN_RANGE_LOOP_ANALYSIS = YES;
				CLANG_WARN_STRICT_PROTOTYPES = YES;
				CLANG_WARN_SUSPICIOUS_MOVE = YES;
				CLANG_WARN_UNGUARDED_AVAILABILITY = YES_AGGRESSIVE;
				CLANG_WARN_UNREACHABLE_CODE = YES;
				CLANG_WARN__DUPLICATE_METHOD_MATCH = YES;
				COPY_PHASE_STRIP = NO;
				DEBUG_INFORMATION_FORMAT = "dwarf-with-dsym";
				ENABLE_NS_ASSERTIONS = NO;
				ENABLE_STRICT_OBJC_MSGSEND = YES;
				GCC_C_LANGUAGE_STANDARD = gnu11;
				GCC_NO_COMMON_BLOCKS = YES;
				GCC_WARN_64_TO_32_BIT_CONVERSION = YES;
				GCC_WARN_ABOUT_RETURN_TYPE = YES_ERROR;
				GCC_WARN_UNDECLARED_SELECTOR = YES;
				GCC_WARN_UNINITIALIZED_AUTOS = YES_AGGRESSIVE;
				GCC_WARN_UNUSED_FUNCTION = YES;
				GCC_WARN_UNUSED_VARIABLE = YES;
				IPHONEOS_DEPLOYMENT_TARGET = 14.0;
				MTL_ENABLE_DEBUG_INFO = NO;
				MTL_FAST_MATH = YES;
				SDKROOT = iphoneos;
				SWIFT_COMPILATION_MODE = wholemodule;
				SWIFT_OPTIMIZATION_LEVEL = "-O";
				VALIDATE_PRODUCT = YES;
			};
			name = Release;
		};
		30980B1F26B7AE3D000CD65F /* Debug */ = {
			isa = XCBuildConfiguration;
			buildSettings = {
				ASSETCATALOG_COMPILER_APPICON_NAME = AppIcon;
				ASSETCATALOG_COMPILER_GLOBAL_ACCENT_COLOR_NAME = AccentColor;
				CODE_SIGN_STYLE = Automatic;
				INFOPLIST_FILE = ProblemStatement/Info.plist;
				LD_RUNPATH_SEARCH_PATHS = (
					"$(inherited)",
					"@executable_path/Frameworks",
				);
				PRODUCT_BUNDLE_IDENTIFIER = sg.edu.rp.19013345.ProblemStatement;
				PRODUCT_NAME = "$(TARGET_NAME)";
				SWIFT_VERSION = 5.0;
				TARGETED_DEVICE_FAMILY = "1,2";
			};
			name = Debug;
		};
		30980B2026B7AE3D000CD65F /* Release */ = {
			isa = XCBuildConfiguration;
			buildSettings = {
				ASSETCATALOG_COMPILER_APPICON_NAME = AppIcon;
				ASSETCATALOG_COMPILER_GLOBAL_ACCENT_COLOR_NAME = AccentColor;
				CODE_SIGN_STYLE = Automatic;
				INFOPLIST_FILE = ProblemStatement/Info.plist;
				LD_RUNPATH_SEARCH_PATHS = (
					"$(inherited)",
					"@executable_path/Frameworks",
				);
				PRODUCT_BUNDLE_IDENTIFIER = sg.edu.rp.19013345.ProblemStatement;
				PRODUCT_NAME = "$(TARGET_NAME)";
				SWIFT_VERSION = 5.0;
				TARGETED_DEVICE_FAMILY = "1,2";
			};
			name = Release;
		};
/* End XCBuildConfiguration section */

/* Begin XCConfigurationList section */
		30980B0526B7AE3D000CD65F /* Build configuration list for PBXProject "ProblemStatement" */ = {
			isa = XCConfigurationList;
			buildConfigurations = (
				30980B1C26B7AE3D000CD65F /* Debug */,
				30980B1D26B7AE3D000CD65F /* Release */,
			);
			defaultConfigurationIsVisible = 0;
			defaultConfigurationName = Release;
		};
		30980B1E26B7AE3D000CD65F /* Build configuration list for PBXNativeTarget "ProblemStatement" */ = {
			isa = XCConfigurationList;
			buildConfigurations = (
				30980B1F26B7AE3D000CD65F /* Debug */,
				30980B2026B7AE3D000CD65F /* Release */,
			);
			defaultConfigurationIsVisible = 0;
			defaultConfigurationName = Release;
		};
/* End XCConfigurationList section */
	};
	rootObject = 30980B0226B7AE3D000CD65F /* Project object */;
}
