// !$*UTF8*$!
{
	archiveVersion = 1;
	classes = {
	};
	objectVersion = 50;
	objects = {

/* Begin PBXBuildFile section */
		3034202926A53A4D002B001E /* AppDelegate.swift in Sources */ = {isa = PBXBuildFile; fileRef = 3034202826A53A4D002B001E /* AppDelegate.swift */; };
		3034202B26A53A4D002B001E /* SceneDelegate.swift in Sources */ = {isa = PBXBuildFile; fileRef = 3034202A26A53A4D002B001E /* SceneDelegate.swift */; };
		3034202D26A53A4D002B001E /* ViewController.swift in Sources */ = {isa = PBXBuildFile; fileRef = 3034202C26A53A4D002B001E /* ViewController.swift */; };
		3034203026A53A4D002B001E /* Main.storyboard in Resources */ = {isa = PBXBuildFile; fileRef = 3034202E26A53A4D002B001E /* Main.storyboard */; };
		3034203226A53A4F002B001E /* Assets.xcassets in Resources */ = {isa = PBXBuildFile; fileRef = 3034203126A53A4F002B001E /* Assets.xcassets */; };
		3034203526A53A4F002B001E /* LaunchScreen.storyboard in Resources */ = {isa = PBXBuildFile; fileRef = 3034203326A53A4F002B001E /* LaunchScreen.storyboard */; };
		3034203E26A53A5E002B001E /* MyData.swift in Sources */ = {isa = PBXBuildFile; fileRef = 3034203D26A53A5E002B001E /* MyData.swift */; };
/* End PBXBuildFile section */

/* Begin PBXFileReference section */
		3034202526A53A4D002B001E /* SampleProject06.app */ = {isa = PBXFileReference; explicitFileType = wrapper.application; includeInIndex = 0; path = SampleProject06.app; sourceTree = BUILT_PRODUCTS_DIR; };
		3034202826A53A4D002B001E /* AppDelegate.swift */ = {isa = PBXFileReference; lastKnownFileType = sourcecode.swift; path = AppDelegate.swift; sourceTree = "<group>"; };
		3034202A26A53A4D002B001E /* SceneDelegate.swift */ = {isa = PBXFileReference; lastKnownFileType = sourcecode.swift; path = SceneDelegate.swift; sourceTree = "<group>"; };
		3034202C26A53A4D002B001E /* ViewController.swift */ = {isa = PBXFileReference; lastKnownFileType = sourcecode.swift; path = ViewController.swift; sourceTree = "<group>"; };
		3034202F26A53A4D002B001E /* Base */ = {isa = PBXFileReference; lastKnownFileType = file.storyboard; name = Base; path = Base.lproj/Main.storyboard; sourceTree = "<group>"; };
		3034203126A53A4F002B001E /* Assets.xcassets */ = {isa = PBXFileReference; lastKnownFileType = folder.assetcatalog; path = Assets.xcassets; sourceTree = "<group>"; };
		3034203426A53A4F002B001E /* Base */ = {isa = PBXFileReference; lastKnownFileType = file.storyboard; name = Base; path = Base.lproj/LaunchScreen.storyboard; sourceTree = "<group>"; };
		3034203626A53A4F002B001E /* Info.plist */ = {isa = PBXFileReference; lastKnownFileType = text.plist.xml; path = Info.plist; sourceTree = "<group>"; };
		3034203D26A53A5E002B001E /* MyData.swift */ = {isa = PBXFileReference; lastKnownFileType = sourcecode.swift; path = MyData.swift; sourceTree = "<group>"; };
/* End PBXFileReference section */

/* Begin PBXFrameworksBuildPhase section */
		3034202226A53A4D002B001E /* Frameworks */ = {
			isa = PBXFrameworksBuildPhase;
			buildActionMask = 2147483647;
			files = (
			);
			runOnlyForDeploymentPostprocessing = 0;
		};
/* End PBXFrameworksBuildPhase section */

/* Begin PBXGroup section */
		3034201C26A53A4D002B001E = {
			isa = PBXGroup;
			children = (
				3034202726A53A4D002B001E /* SampleProject06 */,
				3034202626A53A4D002B001E /* Products */,
			);
			sourceTree = "<group>";
		};
		3034202626A53A4D002B001E /* Products */ = {
			isa = PBXGroup;
			children = (
				3034202526A53A4D002B001E /* SampleProject06.app */,
			);
			name = Products;
			sourceTree = "<group>";
		};
		3034202726A53A4D002B001E /* SampleProject06 */ = {
			isa = PBXGroup;
			children = (
				3034202826A53A4D002B001E /* AppDelegate.swift */,
				3034202A26A53A4D002B001E /* SceneDelegate.swift */,
				3034202C26A53A4D002B001E /* ViewController.swift */,
				3034203D26A53A5E002B001E /* MyData.swift */,
				3034202E26A53A4D002B001E /* Main.storyboard */,
				3034203126A53A4F002B001E /* Assets.xcassets */,
				3034203326A53A4F002B001E /* LaunchScreen.storyboard */,
				3034203626A53A4F002B001E /* Info.plist */,
			);
			path = SampleProject06;
			sourceTree = "<group>";
		};
/* End PBXGroup section */

/* Begin PBXNativeTarget section */
		3034202426A53A4D002B001E /* SampleProject06 */ = {
			isa = PBXNativeTarget;
			buildConfigurationList = 3034203926A53A4F002B001E /* Build configuration list for PBXNativeTarget "SampleProject06" */;
			buildPhases = (
				3034202126A53A4D002B001E /* Sources */,
				3034202226A53A4D002B001E /* Frameworks */,
				3034202326A53A4D002B001E /* Resources */,
			);
			buildRules = (
			);
			dependencies = (
			);
			name = SampleProject06;
			productName = SampleProject06;
			productReference = 3034202526A53A4D002B001E /* SampleProject06.app */;
			productType = "com.apple.product-type.application";
		};
/* End PBXNativeTarget section */

/* Begin PBXProject section */
		3034201D26A53A4D002B001E /* Project object */ = {
			isa = PBXProject;
			attributes = {
				LastSwiftUpdateCheck = 1200;
				LastUpgradeCheck = 1200;
				TargetAttributes = {
					3034202426A53A4D002B001E = {
						CreatedOnToolsVersion = 12.0;
					};
				};
			};
			buildConfigurationList = 3034202026A53A4D002B001E /* Build configuration list for PBXProject "SampleProject06" */;
			compatibilityVersion = "Xcode 9.3";
			developmentRegion = en;
			hasScannedForEncodings = 0;
			knownRegions = (
				en,
				Base,
			);
			mainGroup = 3034201C26A53A4D002B001E;
			productRefGroup = 3034202626A53A4D002B001E /* Products */;
			projectDirPath = "";
			projectRoot = "";
			targets = (
				3034202426A53A4D002B001E /* SampleProject06 */,
			);
		};
/* End PBXProject section */

/* Begin PBXResourcesBuildPhase section */
		3034202326A53A4D002B001E /* Resources */ = {
			isa = PBXResourcesBuildPhase;
			buildActionMask = 2147483647;
			files = (
				3034203526A53A4F002B001E /* LaunchScreen.storyboard in Resources */,
				3034203226A53A4F002B001E /* Assets.xcassets in Resources */,
				3034203026A53A4D002B001E /* Main.storyboard in Resources */,
			);
			runOnlyForDeploymentPostprocessing = 0;
		};
/* End PBXResourcesBuildPhase section */

/* Begin PBXSourcesBuildPhase section */
		3034202126A53A4D002B001E /* Sources */ = {
			isa = PBXSourcesBuildPhase;
			buildActionMask = 2147483647;
			files = (
				3034202D26A53A4D002B001E /* ViewController.swift in Sources */,
				3034202926A53A4D002B001E /* AppDelegate.swift in Sources */,
				3034202B26A53A4D002B001E /* SceneDelegate.swift in Sources */,
				3034203E26A53A5E002B001E /* MyData.swift in Sources */,
			);
			runOnlyForDeploymentPostprocessing = 0;
		};
/* End PBXSourcesBuildPhase section */

/* Begin PBXVariantGroup section */
		3034202E26A53A4D002B001E /* Main.storyboard */ = {
			isa = PBXVariantGroup;
			children = (
				3034202F26A53A4D002B001E /* Base */,
			);
			name = Main.storyboard;
			sourceTree = "<group>";
		};
		3034203326A53A4F002B001E /* LaunchScreen.storyboard */ = {
			isa = PBXVariantGroup;
			children = (
				3034203426A53A4F002B001E /* Base */,
			);
			name = LaunchScreen.storyboard;
			sourceTree = "<group>";
		};
/* End PBXVariantGroup section */

/* Begin XCBuildConfiguration section */
		3034203726A53A4F002B001E /* Debug */ = {
			isa = XCBuildConfiguration;
			buildSettings = {
				ALWAYS_SEARCH_USER_PATHS = NO;
				CLANG_ANALYZER_NONNULL = YES;
				CLANG_ANALYZER_NUMBER_OBJECT_CONVERSION = YES_AGGRESSIVE;
				CLANG_CXX_LANGUAGE_STANDARD = "gnu++14";
				CLANG_CXX_LIBRARY = "libc++";
				CLANG_ENABLE_MODULES = YES;
				CLANG_ENABLE_OBJC_ARC = YES;
				CLANG_ENABLE_OBJC_WEAK = YES;
				CLANG_WARN_BLOCK_CAPTURE_AUTORELEASING = YES;
				CLANG_WARN_BOOL_CONVERSION = YES;
				CLANG_WARN_COMMA = YES;
				CLANG_WARN_CONSTANT_CONVERSION = YES;
				CLANG_WARN_DEPRECATED_OBJC_IMPLEMENTATIONS = YES;
				CLANG_WARN_DIRECT_OBJC_ISA_USAGE = YES_ERROR;
				CLANG_WARN_DOCUMENTATION_COMMENTS = YES;
				CLANG_WARN_EMPTY_BODY = YES;
				CLANG_WARN_ENUM_CONVERSION = YES;
				CLANG_WARN_INFINITE_RECURSION = YES;
				CLANG_WARN_INT_CONVERSION = YES;
				CLANG_WARN_NON_LITERAL_NULL_CONVERSION = YES;
				CLANG_WARN_OBJC_IMPLICIT_RETAIN_SELF = YES;
				CLANG_WARN_OBJC_LITERAL_CONVERSION = YES;
				CLANG_WARN_OBJC_ROOT_CLASS = YES_ERROR;
				CLANG_WARN_QUOTED_INCLUDE_IN_FRAMEWORK_HEADER = YES;
				CLANG_WARN_RANGE_LOOP_ANALYSIS = YES;
				CLANG_WARN_STRICT_PROTOTYPES = YES;
				CLANG_WARN_SUSPICIOUS_MOVE = YES;
				CLANG_WARN_UNGUARDED_AVAILABILITY = YES_AGGRESSIVE;
				CLANG_WARN_UNREACHABLE_CODE = YES;
				CLANG_WARN__DUPLICATE_METHOD_MATCH = YES;
				COPY_PHASE_STRIP = NO;
				DEBUG_INFORMATION_FORMAT = dwarf;
				ENABLE_STRICT_OBJC_MSGSEND = YES;
				ENABLE_TESTABILITY = YES;
				GCC_C_LANGUAGE_STANDARD = gnu11;
				GCC_DYNAMIC_NO_PIC = NO;
				GCC_NO_COMMON_BLOCKS = YES;
				GCC_OPTIMIZATION_LEVEL = 0;
				GCC_PREPROCESSOR_DEFINITIONS = (
					"DEBUG=1",
					"$(inherited)",
				);
				GCC_WARN_64_TO_32_BIT_CONVERSION = YES;
				GCC_WARN_ABOUT_RETURN_TYPE = YES_ERROR;
				GCC_WARN_UNDECLARED_SELECTOR = YES;
				GCC_WARN_UNINITIALIZED_AUTOS = YES_AGGRESSIVE;
				GCC_WARN_UNUSED_FUNCTION = YES;
				GCC_WARN_UNUSED_VARIABLE = YES;
				IPHONEOS_DEPLOYMENT_TARGET = 14.0;
				MTL_ENABLE_DEBUG_INFO = INCLUDE_SOURCE;
				MTL_FAST_MATH = YES;
				ONLY_ACTIVE_ARCH = YES;
				SDKROOT = iphoneos;
				SWIFT_ACTIVE_COMPILATION_CONDITIONS = DEBUG;
				SWIFT_OPTIMIZATION_LEVEL = "-Onone";
			};
			name = Debug;
		};
		3034203826A53A4F002B001E /* Release */ = {
			isa = XCBuildConfiguration;
			buildSettings = {
				ALWAYS_SEARCH_USER_PATHS = NO;
				CLANG_ANALYZER_NONNULL = YES;
				CLANG_ANALYZER_NUMBER_OBJECT_CONVERSION = YES_AGGRESSIVE;
				CLANG_CXX_LANGUAGE_STANDARD = "gnu++14";
				CLANG_CXX_LIBRARY = "libc++";
				CLANG_ENABLE_MODULES = YES;
				CLANG_ENABLE_OBJC_ARC = YES;
				CLANG_ENABLE_OBJC_WEAK = YES;
				CLANG_WARN_BLOCK_CAPTURE_AUTORELEASING = YES;
				CLANG_WARN_BOOL_CONVERSION = YES;
				CLANG_WARN_COMMA = YES;
				CLANG_WARN_CONSTANT_CONVERSION = YES;
				CLANG_WARN_DEPRECATED_OBJC_IMPLEMENTATIONS = YES;
				CLANG_WARN_DIRECT_OBJC_ISA_USAGE = YES_ERROR;
				CLANG_WARN_DOCUMENTATION_COMMENTS = YES;
				CLANG_WARN_EMPTY_BODY = YES;
				CLANG_WARN_ENUM_CONVERSION = YES;
				CLANG_WARN_INFINITE_RECURSION = YES;
				CLANG_WARN_INT_CONVERSION = YES;
				CLANG_WARN_NON_LITERAL_NULL_CONVERSION = YES;
				CLANG_WARN_OBJC_IMPLICIT_RETAIN_SELF = YES;
				CLANG_WARN_OBJC_LITERAL_CONVERSION = YES;
				CLANG_WARN_OBJC_ROOT_CLASS = YES_ERROR;
				CLANG_WARN_QUOTED_INCLUDE_IN_FRAMEWORK_HEADER = YES;
				CLANG_WARN_RANGE_LOOP_ANALYSIS = YES;
				CLANG_WARN_STRICT_PROTOTYPES = YES;
				CLANG_WARN_SUSPICIOUS_MOVE = YES;
				CLANG_WARN_UNGUARDED_AVAILABILITY = YES_AGGRESSIVE;
				CLANG_WARN_UNREACHABLE_CODE = YES;
				CLANG_WARN__DUPLICATE_METHOD_MATCH = YES;
				COPY_PHASE_STRIP = NO;
				DEBUG_INFORMATION_FORMAT = "dwarf-with-dsym";
				ENABLE_NS_ASSERTIONS = NO;
				ENABLE_STRICT_OBJC_MSGSEND = YES;
				GCC_C_LANGUAGE_STANDARD = gnu11;
				GCC_NO_COMMON_BLOCKS = YES;
				GCC_WARN_64_TO_32_BIT_CONVERSION = YES;
				GCC_WARN_ABOUT_RETURN_TYPE = YES_ERROR;
				GCC_WARN_UNDECLARED_SELECTOR = YES;
				GCC_WARN_UNINITIALIZED_AUTOS = YES_AGGRESSIVE;
				GCC_WARN_UNUSED_FUNCTION = YES;
				GCC_WARN_UNUSED_VARIABLE = YES;
				IPHONEOS_DEPLOYMENT_TARGET = 14.0;
				MTL_ENABLE_DEBUG_INFO = NO;
				MTL_FAST_MATH = YES;
				SDKROOT = iphoneos;
				SWIFT_COMPILATION_MODE = wholemodule;
				SWIFT_OPTIMIZATION_LEVEL = "-O";
				VALIDATE_PRODUCT = YES;
			};
			name = Release;
		};
		3034203A26A53A4F002B001E /* Debug */ = {
			isa = XCBuildConfiguration;
			buildSettings = {
				ASSETCATALOG_COMPILER_APPICON_NAME = AppIcon;
				ASSETCATALOG_COMPILER_GLOBAL_ACCENT_COLOR_NAME = AccentColor;
				CODE_SIGN_STYLE = Automatic;
				INFOPLIST_FILE = SampleProject06/Info.plist;
				LD_RUNPATH_SEARCH_PATHS = (
					"$(inherited)",
					"@executable_path/Frameworks",
				);
				PRODUCT_BUNDLE_IDENTIFIER = sg.edu.rp.19013345.SampleProject06;
				PRODUCT_NAME = "$(TARGET_NAME)";
				SWIFT_VERSION = 5.0;
				TARGETED_DEVICE_FAMILY = "1,2";
			};
			name = Debug;
		};
		3034203B26A53A4F002B001E /* Release */ = {
			isa = XCBuildConfiguration;
			buildSettings = {
				ASSETCATALOG_COMPILER_APPICON_NAME = AppIcon;
				ASSETCATALOG_COMPILER_GLOBAL_ACCENT_COLOR_NAME = AccentColor;
				CODE_SIGN_STYLE = Automatic;
				INFOPLIST_FILE = SampleProject06/Info.plist;
				LD_RUNPATH_SEARCH_PATHS = (
					"$(inherited)",
					"@executable_path/Frameworks",
				);
				PRODUCT_BUNDLE_IDENTIFIER = sg.edu.rp.19013345.SampleProject06;
				PRODUCT_NAME = "$(TARGET_NAME)";
				SWIFT_VERSION = 5.0;
				TARGETED_DEVICE_FAMILY = "1,2";
			};
			name = Release;
		};
/* End XCBuildConfiguration section */

/* Begin XCConfigurationList section */
		3034202026A53A4D002B001E /* Build configuration list for PBXProject "SampleProject06" */ = {
			isa = XCConfigurationList;
			buildConfigurations = (
				3034203726A53A4F002B001E /* Debug */,
				3034203826A53A4F002B001E /* Release */,
			);
			defaultConfigurationIsVisible = 0;
			defaultConfigurationName = Release;
		};
		3034203926A53A4F002B001E /* Build configuration list for PBXNativeTarget "SampleProject06" */ = {
			isa = XCConfigurationList;
			buildConfigurations = (
				3034203A26A53A4F002B001E /* Debug */,
				3034203B26A53A4F002B001E /* Release */,
			);
			defaultConfigurationIsVisible = 0;
			defaultConfigurationName = Release;
		};
/* End XCConfigurationList section */
	};
	rootObject = 3034201D26A53A4D002B001E /* Project object */;
}
