// !$*UTF8*$!
{
	archiveVersion = 1;
	classes = {
	};
	objectVersion = 50;
	objects = {

/* Begin PBXBuildFile section */
		303DF697269BFC1E00EC4CDE /* AppDelegate.swift in Sources */ = {isa = PBXBuildFile; fileRef = 303DF696269BFC1E00EC4CDE /* AppDelegate.swift */; };
		303DF699269BFC1E00EC4CDE /* SceneDelegate.swift in Sources */ = {isa = PBXBuildFile; fileRef = 303DF698269BFC1E00EC4CDE /* SceneDelegate.swift */; };
		303DF69B269BFC1E00EC4CDE /* ViewController.swift in Sources */ = {isa = PBXBuildFile; fileRef = 303DF69A269BFC1E00EC4CDE /* ViewController.swift */; };
		303DF69E269BFC1E00EC4CDE /* Main.storyboard in Resources */ = {isa = PBXBuildFile; fileRef = 303DF69C269BFC1E00EC4CDE /* Main.storyboard */; };
		303DF6A0269BFC2100EC4CDE /* Assets.xcassets in Resources */ = {isa = PBXBuildFile; fileRef = 303DF69F269BFC2100EC4CDE /* Assets.xcassets */; };
		303DF6A3269BFC2100EC4CDE /* LaunchScreen.storyboard in Resources */ = {isa = PBXBuildFile; fileRef = 303DF6A1269BFC2100EC4CDE /* LaunchScreen.storyboard */; };
		303DF6AC269BFDA000EC4CDE /* Settings.bundle in Resources */ = {isa = PBXBuildFile; fileRef = 303DF6AB269BFDA000EC4CDE /* Settings.bundle */; };
/* End PBXBuildFile section */

/* Begin PBXFileReference section */
		303DF693269BFC1E00EC4CDE /* Exercise05.app */ = {isa = PBXFileReference; explicitFileType = wrapper.application; includeInIndex = 0; path = Exercise05.app; sourceTree = BUILT_PRODUCTS_DIR; };
		303DF696269BFC1E00EC4CDE /* AppDelegate.swift */ = {isa = PBXFileReference; lastKnownFileType = sourcecode.swift; path = AppDelegate.swift; sourceTree = "<group>"; };
		303DF698269BFC1E00EC4CDE /* SceneDelegate.swift */ = {isa = PBXFileReference; lastKnownFileType = sourcecode.swift; path = SceneDelegate.swift; sourceTree = "<group>"; };
		303DF69A269BFC1E00EC4CDE /* ViewController.swift */ = {isa = PBXFileReference; lastKnownFileType = sourcecode.swift; path = ViewController.swift; sourceTree = "<group>"; };
		303DF69D269BFC1E00EC4CDE /* Base */ = {isa = PBXFileReference; lastKnownFileType = file.storyboard; name = Base; path = Base.lproj/Main.storyboard; sourceTree = "<group>"; };
		303DF69F269BFC2100EC4CDE /* Assets.xcassets */ = {isa = PBXFileReference; lastKnownFileType = folder.assetcatalog; path = Assets.xcassets; sourceTree = "<group>"; };
		303DF6A2269BFC2100EC4CDE /* Base */ = {isa = PBXFileReference; lastKnownFileType = file.storyboard; name = Base; path = Base.lproj/LaunchScreen.storyboard; sourceTree = "<group>"; };
		303DF6A4269BFC2100EC4CDE /* Info.plist */ = {isa = PBXFileReference; lastKnownFileType = text.plist.xml; path = Info.plist; sourceTree = "<group>"; };
		303DF6AB269BFDA000EC4CDE /* Settings.bundle */ = {isa = PBXFileReference; lastKnownFileType = "wrapper.plug-in"; path = Settings.bundle; sourceTree = "<group>"; };
/* End PBXFileReference section */

/* Begin PBXFrameworksBuildPhase section */
		303DF690269BFC1E00EC4CDE /* Frameworks */ = {
			isa = PBXFrameworksBuildPhase;
			buildActionMask = 2147483647;
			files = (
			);
			runOnlyForDeploymentPostprocessing = 0;
		};
/* End PBXFrameworksBuildPhase section */

/* Begin PBXGroup section */
		303DF68A269BFC1E00EC4CDE = {
			isa = PBXGroup;
			children = (
				303DF695269BFC1E00EC4CDE /* Exercise05 */,
				303DF694269BFC1E00EC4CDE /* Products */,
			);
			sourceTree = "<group>";
		};
		303DF694269BFC1E00EC4CDE /* Products */ = {
			isa = PBXGroup;
			children = (
				303DF693269BFC1E00EC4CDE /* Exercise05.app */,
			);
			name = Products;
			sourceTree = "<group>";
		};
		303DF695269BFC1E00EC4CDE /* Exercise05 */ = {
			isa = PBXGroup;
			children = (
				303DF696269BFC1E00EC4CDE /* AppDelegate.swift */,
				303DF698269BFC1E00EC4CDE /* SceneDelegate.swift */,
				303DF69A269BFC1E00EC4CDE /* ViewController.swift */,
				303DF69C269BFC1E00EC4CDE /* Main.storyboard */,
				303DF6AB269BFDA000EC4CDE /* Settings.bundle */,
				303DF69F269BFC2100EC4CDE /* Assets.xcassets */,
				303DF6A1269BFC2100EC4CDE /* LaunchScreen.storyboard */,
				303DF6A4269BFC2100EC4CDE /* Info.plist */,
			);
			path = Exercise05;
			sourceTree = "<group>";
		};
/* End PBXGroup section */

/* Begin PBXNativeTarget section */
		303DF692269BFC1E00EC4CDE /* Exercise05 */ = {
			isa = PBXNativeTarget;
			buildConfigurationList = 303DF6A7269BFC2100EC4CDE /* Build configuration list for PBXNativeTarget "Exercise05" */;
			buildPhases = (
				303DF68F269BFC1E00EC4CDE /* Sources */,
				303DF690269BFC1E00EC4CDE /* Frameworks */,
				303DF691269BFC1E00EC4CDE /* Resources */,
			);
			buildRules = (
			);
			dependencies = (
			);
			name = Exercise05;
			productName = Exercise05;
			productReference = 303DF693269BFC1E00EC4CDE /* Exercise05.app */;
			productType = "com.apple.product-type.application";
		};
/* End PBXNativeTarget section */

/* Begin PBXProject section */
		303DF68B269BFC1E00EC4CDE /* Project object */ = {
			isa = PBXProject;
			attributes = {
				LastSwiftUpdateCheck = 1200;
				LastUpgradeCheck = 1200;
				TargetAttributes = {
					303DF692269BFC1E00EC4CDE = {
						CreatedOnToolsVersion = 12.0;
					};
				};
			};
			buildConfigurationList = 303DF68E269BFC1E00EC4CDE /* Build configuration list for PBXProject "Exercise05" */;
			compatibilityVersion = "Xcode 9.3";
			developmentRegion = en;
			hasScannedForEncodings = 0;
			knownRegions = (
				en,
				Base,
			);
			mainGroup = 303DF68A269BFC1E00EC4CDE;
			productRefGroup = 303DF694269BFC1E00EC4CDE /* Products */;
			projectDirPath = "";
			projectRoot = "";
			targets = (
				303DF692269BFC1E00EC4CDE /* Exercise05 */,
			);
		};
/* End PBXProject section */

/* Begin PBXResourcesBuildPhase section */
		303DF691269BFC1E00EC4CDE /* Resources */ = {
			isa = PBXResourcesBuildPhase;
			buildActionMask = 2147483647;
			files = (
				303DF6AC269BFDA000EC4CDE /* Settings.bundle in Resources */,
				303DF6A3269BFC2100EC4CDE /* LaunchScreen.storyboard in Resources */,
				303DF6A0269BFC2100EC4CDE /* Assets.xcassets in Resources */,
				303DF69E269BFC1E00EC4CDE /* Main.storyboard in Resources */,
			);
			runOnlyForDeploymentPostprocessing = 0;
		};
/* End PBXResourcesBuildPhase section */

/* Begin PBXSourcesBuildPhase section */
		303DF68F269BFC1E00EC4CDE /* Sources */ = {
			isa = PBXSourcesBuildPhase;
			buildActionMask = 2147483647;
			files = (
				303DF69B269BFC1E00EC4CDE /* ViewController.swift in Sources */,
				303DF697269BFC1E00EC4CDE /* AppDelegate.swift in Sources */,
				303DF699269BFC1E00EC4CDE /* SceneDelegate.swift in Sources */,
			);
			runOnlyForDeploymentPostprocessing = 0;
		};
/* End PBXSourcesBuildPhase section */

/* Begin PBXVariantGroup section */
		303DF69C269BFC1E00EC4CDE /* Main.storyboard */ = {
			isa = PBXVariantGroup;
			children = (
				303DF69D269BFC1E00EC4CDE /* Base */,
			);
			name = Main.storyboard;
			sourceTree = "<group>";
		};
		303DF6A1269BFC2100EC4CDE /* LaunchScreen.storyboard */ = {
			isa = PBXVariantGroup;
			children = (
				303DF6A2269BFC2100EC4CDE /* Base */,
			);
			name = LaunchScreen.storyboard;
			sourceTree = "<group>";
		};
/* End PBXVariantGroup section */

/* Begin XCBuildConfiguration section */
		303DF6A5269BFC2100EC4CDE /* Debug */ = {
			isa = XCBuildConfiguration;
			buildSettings = {
				ALWAYS_SEARCH_USER_PATHS = NO;
				CLANG_ANALYZER_NONNULL = YES;
				CLANG_ANALYZER_NUMBER_OBJECT_CONVERSION = YES_AGGRESSIVE;
				CLANG_CXX_LANGUAGE_STANDARD = "gnu++14";
				CLANG_CXX_LIBRARY = "libc++";
				CLANG_ENABLE_MODULES = YES;
				CLANG_ENABLE_OBJC_ARC = YES;
				CLANG_ENABLE_OBJC_WEAK = YES;
				CLANG_WARN_BLOCK_CAPTURE_AUTORELEASING = YES;
				CLANG_WARN_BOOL_CONVERSION = YES;
				CLANG_WARN_COMMA = YES;
				CLANG_WARN_CONSTANT_CONVERSION = YES;
				CLANG_WARN_DEPRECATED_OBJC_IMPLEMENTATIONS = YES;
				CLANG_WARN_DIRECT_OBJC_ISA_USAGE = YES_ERROR;
				CLANG_WARN_DOCUMENTATION_COMMENTS = YES;
				CLANG_WARN_EMPTY_BODY = YES;
				CLANG_WARN_ENUM_CONVERSION = YES;
				CLANG_WARN_INFINITE_RECURSION = YES;
				CLANG_WARN_INT_CONVERSION = YES;
				CLANG_WARN_NON_LITERAL_NULL_CONVERSION = YES;
				CLANG_WARN_OBJC_IMPLICIT_RETAIN_SELF = YES;
				CLANG_WARN_OBJC_LITERAL_CONVERSION = YES;
				CLANG_WARN_OBJC_ROOT_CLASS = YES_ERROR;
				CLANG_WARN_QUOTED_INCLUDE_IN_FRAMEWORK_HEADER = YES;
				CLANG_WARN_RANGE_LOOP_ANALYSIS = YES;
				CLANG_WARN_STRICT_PROTOTYPES = YES;
				CLANG_WARN_SUSPICIOUS_MOVE = YES;
				CLANG_WARN_UNGUARDED_AVAILABILITY = YES_AGGRESSIVE;
				CLANG_WARN_UNREACHABLE_CODE = YES;
				CLANG_WARN__DUPLICATE_METHOD_MATCH = YES;
				COPY_PHASE_STRIP = NO;
				DEBUG_INFORMATION_FORMAT = dwarf;
				ENABLE_STRICT_OBJC_MSGSEND = YES;
				ENABLE_TESTABILITY = YES;
				GCC_C_LANGUAGE_STANDARD = gnu11;
				GCC_DYNAMIC_NO_PIC = NO;
				GCC_NO_COMMON_BLOCKS = YES;
				GCC_OPTIMIZATION_LEVEL = 0;
				GCC_PREPROCESSOR_DEFINITIONS = (
					"DEBUG=1",
					"$(inherited)",
				);
				GCC_WARN_64_TO_32_BIT_CONVERSION = YES;
				GCC_WARN_ABOUT_RETURN_TYPE = YES_ERROR;
				GCC_WARN_UNDECLARED_SELECTOR = YES;
				GCC_WARN_UNINITIALIZED_AUTOS = YES_AGGRESSIVE;
				GCC_WARN_UNUSED_FUNCTION = YES;
				GCC_WARN_UNUSED_VARIABLE = YES;
				IPHONEOS_DEPLOYMENT_TARGET = 14.0;
				MTL_ENABLE_DEBUG_INFO = INCLUDE_SOURCE;
				MTL_FAST_MATH = YES;
				ONLY_ACTIVE_ARCH = YES;
				SDKROOT = iphoneos;
				SWIFT_ACTIVE_COMPILATION_CONDITIONS = DEBUG;
				SWIFT_OPTIMIZATION_LEVEL = "-Onone";
			};
			name = Debug;
		};
		303DF6A6269BFC2100EC4CDE /* Release */ = {
			isa = XCBuildConfiguration;
			buildSettings = {
				ALWAYS_SEARCH_USER_PATHS = NO;
				CLANG_ANALYZER_NONNULL = YES;
				CLANG_ANALYZER_NUMBER_OBJECT_CONVERSION = YES_AGGRESSIVE;
				CLANG_CXX_LANGUAGE_STANDARD = "gnu++14";
				CLANG_CXX_LIBRARY = "libc++";
				CLANG_ENABLE_MODULES = YES;
				CLANG_ENABLE_OBJC_ARC = YES;
				CLANG_ENABLE_OBJC_WEAK = YES;
				CLANG_WARN_BLOCK_CAPTURE_AUTORELEASING = YES;
				CLANG_WARN_BOOL_CONVERSION = YES;
				CLANG_WARN_COMMA = YES;
				CLANG_WARN_CONSTANT_CONVERSION = YES;
				CLANG_WARN_DEPRECATED_OBJC_IMPLEMENTATIONS = YES;
				CLANG_WARN_DIRECT_OBJC_ISA_USAGE = YES_ERROR;
				CLANG_WARN_DOCUMENTATION_COMMENTS = YES;
				CLANG_WARN_EMPTY_BODY = YES;
				CLANG_WARN_ENUM_CONVERSION = YES;
				CLANG_WARN_INFINITE_RECURSION = YES;
				CLANG_WARN_INT_CONVERSION = YES;
				CLANG_WARN_NON_LITERAL_NULL_CONVERSION = YES;
				CLANG_WARN_OBJC_IMPLICIT_RETAIN_SELF = YES;
				CLANG_WARN_OBJC_LITERAL_CONVERSION = YES;
				CLANG_WARN_OBJC_ROOT_CLASS = YES_ERROR;
				CLANG_WARN_QUOTED_INCLUDE_IN_FRAMEWORK_HEADER = YES;
				CLANG_WARN_RANGE_LOOP_ANALYSIS = YES;
				CLANG_WARN_STRICT_PROTOTYPES = YES;
				CLANG_WARN_SUSPICIOUS_MOVE = YES;
				CLANG_WARN_UNGUARDED_AVAILABILITY = YES_AGGRESSIVE;
				CLANG_WARN_UNREACHABLE_CODE = YES;
				CLANG_WARN__DUPLICATE_METHOD_MATCH = YES;
				COPY_PHASE_STRIP = NO;
				DEBUG_INFORMATION_FORMAT = "dwarf-with-dsym";
				ENABLE_NS_ASSERTIONS = NO;
				ENABLE_STRICT_OBJC_MSGSEND = YES;
				GCC_C_LANGUAGE_STANDARD = gnu11;
				GCC_NO_COMMON_BLOCKS = YES;
				GCC_WARN_64_TO_32_BIT_CONVERSION = YES;
				GCC_WARN_ABOUT_RETURN_TYPE = YES_ERROR;
				GCC_WARN_UNDECLARED_SELECTOR = YES;
				GCC_WARN_UNINITIALIZED_AUTOS = YES_AGGRESSIVE;
				GCC_WARN_UNUSED_FUNCTION = YES;
				GCC_WARN_UNUSED_VARIABLE = YES;
				IPHONEOS_DEPLOYMENT_TARGET = 14.0;
				MTL_ENABLE_DEBUG_INFO = NO;
				MTL_FAST_MATH = YES;
				SDKROOT = iphoneos;
				SWIFT_COMPILATION_MODE = wholemodule;
				SWIFT_OPTIMIZATION_LEVEL = "-O";
				VALIDATE_PRODUCT = YES;
			};
			name = Release;
		};
		303DF6A8269BFC2100EC4CDE /* Debug */ = {
			isa = XCBuildConfiguration;
			buildSettings = {
				ASSETCATALOG_COMPILER_APPICON_NAME = AppIcon;
				ASSETCATALOG_COMPILER_GLOBAL_ACCENT_COLOR_NAME = AccentColor;
				CODE_SIGN_STYLE = Automatic;
				INFOPLIST_FILE = Exercise05/Info.plist;
				LD_RUNPATH_SEARCH_PATHS = (
					"$(inherited)",
					"@executable_path/Frameworks",
				);
				PRODUCT_BUNDLE_IDENTIFIER = sg.edu.rp.19013345.Exercise05;
				PRODUCT_NAME = "$(TARGET_NAME)";
				SWIFT_VERSION = 5.0;
				TARGETED_DEVICE_FAMILY = "1,2";
			};
			name = Debug;
		};
		303DF6A9269BFC2100EC4CDE /* Release */ = {
			isa = XCBuildConfiguration;
			buildSettings = {
				ASSETCATALOG_COMPILER_APPICON_NAME = AppIcon;
				ASSETCATALOG_COMPILER_GLOBAL_ACCENT_COLOR_NAME = AccentColor;
				CODE_SIGN_STYLE = Automatic;
				INFOPLIST_FILE = Exercise05/Info.plist;
				LD_RUNPATH_SEARCH_PATHS = (
					"$(inherited)",
					"@executable_path/Frameworks",
				);
				PRODUCT_BUNDLE_IDENTIFIER = sg.edu.rp.19013345.Exercise05;
				PRODUCT_NAME = "$(TARGET_NAME)";
				SWIFT_VERSION = 5.0;
				TARGETED_DEVICE_FAMILY = "1,2";
			};
			name = Release;
		};
/* End XCBuildConfiguration section */

/* Begin XCConfigurationList section */
		303DF68E269BFC1E00EC4CDE /* Build configuration list for PBXProject "Exercise05" */ = {
			isa = XCConfigurationList;
			buildConfigurations = (
				303DF6A5269BFC2100EC4CDE /* Debug */,
				303DF6A6269BFC2100EC4CDE /* Release */,
			);
			defaultConfigurationIsVisible = 0;
			defaultConfigurationName = Release;
		};
		303DF6A7269BFC2100EC4CDE /* Build configuration list for PBXNativeTarget "Exercise05" */ = {
			isa = XCConfigurationList;
			buildConfigurations = (
				303DF6A8269BFC2100EC4CDE /* Debug */,
				303DF6A9269BFC2100EC4CDE /* Release */,
			);
			defaultConfigurationIsVisible = 0;
			defaultConfigurationName = Release;
		};
/* End XCConfigurationList section */
	};
	rootObject = 303DF68B269BFC1E00EC4CDE /* Project object */;
}
