// !$*UTF8*$!
{
	archiveVersion = 1;
	classes = {
	};
	objectVersion = 50;
	objects = {

/* Begin PBXBuildFile section */
		30D56BE726AE82A4008F2920 /* AppDelegate.swift in Sources */ = {isa = PBXBuildFile; fileRef = 30D56BE626AE82A4008F2920 /* AppDelegate.swift */; };
		30D56BE926AE82A4008F2920 /* SceneDelegate.swift in Sources */ = {isa = PBXBuildFile; fileRef = 30D56BE826AE82A4008F2920 /* SceneDelegate.swift */; };
		30D56BEB26AE82A4008F2920 /* ViewController.swift in Sources */ = {isa = PBXBuildFile; fileRef = 30D56BEA26AE82A4008F2920 /* ViewController.swift */; };
		30D56BEE26AE82A4008F2920 /* Main.storyboard in Resources */ = {isa = PBXBuildFile; fileRef = 30D56BEC26AE82A4008F2920 /* Main.storyboard */; };
		30D56BF026AE82A7008F2920 /* Assets.xcassets in Resources */ = {isa = PBXBuildFile; fileRef = 30D56BEF26AE82A7008F2920 /* Assets.xcassets */; };
		30D56BF326AE82A7008F2920 /* LaunchScreen.storyboard in Resources */ = {isa = PBXBuildFile; fileRef = 30D56BF126AE82A7008F2920 /* LaunchScreen.storyboard */; };
		30D56BFC26AE82D1008F2920 /* TableViewController.swift in Sources */ = {isa = PBXBuildFile; fileRef = 30D56BFB26AE82D1008F2920 /* TableViewController.swift */; };
		30D56BFF26AE87BA008F2920 /* Contact.swift in Sources */ = {isa = PBXBuildFile; fileRef = 30D56BFE26AE87BA008F2920 /* Contact.swift */; };
/* End PBXBuildFile section */

/* Begin PBXFileReference section */
		30D56BE326AE82A4008F2920 /* ProblemStatement.app */ = {isa = PBXFileReference; explicitFileType = wrapper.application; includeInIndex = 0; path = ProblemStatement.app; sourceTree = BUILT_PRODUCTS_DIR; };
		30D56BE626AE82A4008F2920 /* AppDelegate.swift */ = {isa = PBXFileReference; lastKnownFileType = sourcecode.swift; path = AppDelegate.swift; sourceTree = "<group>"; };
		30D56BE826AE82A4008F2920 /* SceneDelegate.swift */ = {isa = PBXFileReference; lastKnownFileType = sourcecode.swift; path = SceneDelegate.swift; sourceTree = "<group>"; };
		30D56BEA26AE82A4008F2920 /* ViewController.swift */ = {isa = PBXFileReference; lastKnownFileType = sourcecode.swift; path = ViewController.swift; sourceTree = "<group>"; };
		30D56BED26AE82A4008F2920 /* Base */ = {isa = PBXFileReference; lastKnownFileType = file.storyboard; name = Base; path = Base.lproj/Main.storyboard; sourceTree = "<group>"; };
		30D56BEF26AE82A7008F2920 /* Assets.xcassets */ = {isa = PBXFileReference; lastKnownFileType = folder.assetcatalog; path = Assets.xcassets; sourceTree = "<group>"; };
		30D56BF226AE82A7008F2920 /* Base */ = {isa = PBXFileReference; lastKnownFileType = file.storyboard; name = Base; path = Base.lproj/LaunchScreen.storyboard; sourceTree = "<group>"; };
		30D56BF426AE82A7008F2920 /* Info.plist */ = {isa = PBXFileReference; lastKnownFileType = text.plist.xml; path = Info.plist; sourceTree = "<group>"; };
		30D56BFB26AE82D1008F2920 /* TableViewController.swift */ = {isa = PBXFileReference; lastKnownFileType = sourcecode.swift; path = TableViewController.swift; sourceTree = "<group>"; };
		30D56BFE26AE87BA008F2920 /* Contact.swift */ = {isa = PBXFileReference; lastKnownFileType = sourcecode.swift; path = Contact.swift; sourceTree = "<group>"; };
/* End PBXFileReference section */

/* Begin PBXFrameworksBuildPhase section */
		30D56BE026AE82A4008F2920 /* Frameworks */ = {
			isa = PBXFrameworksBuildPhase;
			buildActionMask = 2147483647;
			files = (
			);
			runOnlyForDeploymentPostprocessing = 0;
		};
/* End PBXFrameworksBuildPhase section */

/* Begin PBXGroup section */
		30D56BDA26AE82A4008F2920 = {
			isa = PBXGroup;
			children = (
				30D56BE526AE82A4008F2920 /* ProblemStatement */,
				30D56BE426AE82A4008F2920 /* Products */,
			);
			sourceTree = "<group>";
		};
		30D56BE426AE82A4008F2920 /* Products */ = {
			isa = PBXGroup;
			children = (
				30D56BE326AE82A4008F2920 /* ProblemStatement.app */,
			);
			name = Products;
			sourceTree = "<group>";
		};
		30D56BE526AE82A4008F2920 /* ProblemStatement */ = {
			isa = PBXGroup;
			children = (
				30D56BE626AE82A4008F2920 /* AppDelegate.swift */,
				30D56BE826AE82A4008F2920 /* SceneDelegate.swift */,
				30D56BEA26AE82A4008F2920 /* ViewController.swift */,
				30D56BEC26AE82A4008F2920 /* Main.storyboard */,
				30D56BFB26AE82D1008F2920 /* TableViewController.swift */,
				30D56BFE26AE87BA008F2920 /* Contact.swift */,
				30D56BEF26AE82A7008F2920 /* Assets.xcassets */,
				30D56BF126AE82A7008F2920 /* LaunchScreen.storyboard */,
				30D56BF426AE82A7008F2920 /* Info.plist */,
			);
			path = ProblemStatement;
			sourceTree = "<group>";
		};
/* End PBXGroup section */

/* Begin PBXNativeTarget section */
		30D56BE226AE82A4008F2920 /* ProblemStatement */ = {
			isa = PBXNativeTarget;
			buildConfigurationList = 30D56BF726AE82A7008F2920 /* Build configuration list for PBXNativeTarget "ProblemStatement" */;
			buildPhases = (
				30D56BDF26AE82A4008F2920 /* Sources */,
				30D56BE026AE82A4008F2920 /* Frameworks */,
				30D56BE126AE82A4008F2920 /* Resources */,
			);
			buildRules = (
			);
			dependencies = (
			);
			name = ProblemStatement;
			productName = ProblemStatement;
			productReference = 30D56BE326AE82A4008F2920 /* ProblemStatement.app */;
			productType = "com.apple.product-type.application";
		};
/* End PBXNativeTarget section */

/* Begin PBXProject section */
		30D56BDB26AE82A4008F2920 /* Project object */ = {
			isa = PBXProject;
			attributes = {
				LastSwiftUpdateCheck = 1200;
				LastUpgradeCheck = 1200;
				TargetAttributes = {
					30D56BE226AE82A4008F2920 = {
						CreatedOnToolsVersion = 12.0;
					};
				};
			};
			buildConfigurationList = 30D56BDE26AE82A4008F2920 /* Build configuration list for PBXProject "ProblemStatement" */;
			compatibilityVersion = "Xcode 9.3";
			developmentRegion = en;
			hasScannedForEncodings = 0;
			knownRegions = (
				en,
				Base,
			);
			mainGroup = 30D56BDA26AE82A4008F2920;
			productRefGroup = 30D56BE426AE82A4008F2920 /* Products */;
			projectDirPath = "";
			projectRoot = "";
			targets = (
				30D56BE226AE82A4008F2920 /* ProblemStatement */,
			);
		};
/* End PBXProject section */

/* Begin PBXResourcesBuildPhase section */
		30D56BE126AE82A4008F2920 /* Resources */ = {
			isa = PBXResourcesBuildPhase;
			buildActionMask = 2147483647;
			files = (
				30D56BF326AE82A7008F2920 /* LaunchScreen.storyboard in Resources */,
				30D56BF026AE82A7008F2920 /* Assets.xcassets in Resources */,
				30D56BEE26AE82A4008F2920 /* Main.storyboard in Resources */,
			);
			runOnlyForDeploymentPostprocessing = 0;
		};
/* End PBXResourcesBuildPhase section */

/* Begin PBXSourcesBuildPhase section */
		30D56BDF26AE82A4008F2920 /* Sources */ = {
			isa = PBXSourcesBuildPhase;
			buildActionMask = 2147483647;
			files = (
				30D56BEB26AE82A4008F2920 /* ViewController.swift in Sources */,
				30D56BE726AE82A4008F2920 /* AppDelegate.swift in Sources */,
				30D56BFF26AE87BA008F2920 /* Contact.swift in Sources */,
				30D56BE926AE82A4008F2920 /* SceneDelegate.swift in Sources */,
				30D56BFC26AE82D1008F2920 /* TableViewController.swift in Sources */,
			);
			runOnlyForDeploymentPostprocessing = 0;
		};
/* End PBXSourcesBuildPhase section */

/* Begin PBXVariantGroup section */
		30D56BEC26AE82A4008F2920 /* Main.storyboard */ = {
			isa = PBXVariantGroup;
			children = (
				30D56BED26AE82A4008F2920 /* Base */,
			);
			name = Main.storyboard;
			sourceTree = "<group>";
		};
		30D56BF126AE82A7008F2920 /* LaunchScreen.storyboard */ = {
			isa = PBXVariantGroup;
			children = (
				30D56BF226AE82A7008F2920 /* Base */,
			);
			name = LaunchScreen.storyboard;
			sourceTree = "<group>";
		};
/* End PBXVariantGroup section */

/* Begin XCBuildConfiguration section */
		30D56BF526AE82A7008F2920 /* Debug */ = {
			isa = XCBuildConfiguration;
			buildSettings = {
				ALWAYS_SEARCH_USER_PATHS = NO;
				CLANG_ANALYZER_NONNULL = YES;
				CLANG_ANALYZER_NUMBER_OBJECT_CONVERSION = YES_AGGRESSIVE;
				CLANG_CXX_LANGUAGE_STANDARD = "gnu++14";
				CLANG_CXX_LIBRARY = "libc++";
				CLANG_ENABLE_MODULES = YES;
				CLANG_ENABLE_OBJC_ARC = YES;
				CLANG_ENABLE_OBJC_WEAK = YES;
				CLANG_WARN_BLOCK_CAPTURE_AUTORELEASING = YES;
				CLANG_WARN_BOOL_CONVERSION = YES;
				CLANG_WARN_COMMA = YES;
				CLANG_WARN_CONSTANT_CONVERSION = YES;
				CLANG_WARN_DEPRECATED_OBJC_IMPLEMENTATIONS = YES;
				CLANG_WARN_DIRECT_OBJC_ISA_USAGE = YES_ERROR;
				CLANG_WARN_DOCUMENTATION_COMMENTS = YES;
				CLANG_WARN_EMPTY_BODY = YES;
				CLANG_WARN_ENUM_CONVERSION = YES;
				CLANG_WARN_INFINITE_RECURSION = YES;
				CLANG_WARN_INT_CONVERSION = YES;
				CLANG_WARN_NON_LITERAL_NULL_CONVERSION = YES;
				CLANG_WARN_OBJC_IMPLICIT_RETAIN_SELF = YES;
				CLANG_WARN_OBJC_LITERAL_CONVERSION = YES;
				CLANG_WARN_OBJC_ROOT_CLASS = YES_ERROR;
				CLANG_WARN_QUOTED_INCLUDE_IN_FRAMEWORK_HEADER = YES;
				CLANG_WARN_RANGE_LOOP_ANALYSIS = YES;
				CLANG_WARN_STRICT_PROTOTYPES = YES;
				CLANG_WARN_SUSPICIOUS_MOVE = YES;
				CLANG_WARN_UNGUARDED_AVAILABILITY = YES_AGGRESSIVE;
				CLANG_WARN_UNREACHABLE_CODE = YES;
				CLANG_WARN__DUPLICATE_METHOD_MATCH = YES;
				COPY_PHASE_STRIP = NO;
				DEBUG_INFORMATION_FORMAT = dwarf;
				ENABLE_STRICT_OBJC_MSGSEND = YES;
				ENABLE_TESTABILITY = YES;
				GCC_C_LANGUAGE_STANDARD = gnu11;
				GCC_DYNAMIC_NO_PIC = NO;
				GCC_NO_COMMON_BLOCKS = YES;
				GCC_OPTIMIZATION_LEVEL = 0;
				GCC_PREPROCESSOR_DEFINITIONS = (
					"DEBUG=1",
					"$(inherited)",
				);
				GCC_WARN_64_TO_32_BIT_CONVERSION = YES;
				GCC_WARN_ABOUT_RETURN_TYPE = YES_ERROR;
				GCC_WARN_UNDECLARED_SELECTOR = YES;
				GCC_WARN_UNINITIALIZED_AUTOS = YES_AGGRESSIVE;
				GCC_WARN_UNUSED_FUNCTION = YES;
				GCC_WARN_UNUSED_VARIABLE = YES;
				IPHONEOS_DEPLOYMENT_TARGET = 14.0;
				MTL_ENABLE_DEBUG_INFO = INCLUDE_SOURCE;
				MTL_FAST_MATH = YES;
				ONLY_ACTIVE_ARCH = YES;
				SDKROOT = iphoneos;
				SWIFT_ACTIVE_COMPILATION_CONDITIONS = DEBUG;
				SWIFT_OPTIMIZATION_LEVEL = "-Onone";
			};
			name = Debug;
		};
		30D56BF626AE82A7008F2920 /* Release */ = {
			isa = XCBuildConfiguration;
			buildSettings = {
				ALWAYS_SEARCH_USER_PATHS = NO;
				CLANG_ANALYZER_NONNULL = YES;
				CLANG_ANALYZER_NUMBER_OBJECT_CONVERSION = YES_AGGRESSIVE;
				CLANG_CXX_LANGUAGE_STANDARD = "gnu++14";
				CLANG_CXX_LIBRARY = "libc++";
				CLANG_ENABLE_MODULES = YES;
				CLANG_ENABLE_OBJC_ARC = YES;
				CLANG_ENABLE_OBJC_WEAK = YES;
				CLANG_WARN_BLOCK_CAPTURE_AUTORELEASING = YES;
				CLANG_WARN_BOOL_CONVERSION = YES;
				CLANG_WARN_COMMA = YES;
				CLANG_WARN_CONSTANT_CONVERSION = YES;
				CLANG_WARN_DEPRECATED_OBJC_IMPLEMENTATIONS = YES;
				CLANG_WARN_DIRECT_OBJC_ISA_USAGE = YES_ERROR;
				CLANG_WARN_DOCUMENTATION_COMMENTS = YES;
				CLANG_WARN_EMPTY_BODY = YES;
				CLANG_WARN_ENUM_CONVERSION = YES;
				CLANG_WARN_INFINITE_RECURSION = YES;
				CLANG_WARN_INT_CONVERSION = YES;
				CLANG_WARN_NON_LITERAL_NULL_CONVERSION = YES;
				CLANG_WARN_OBJC_IMPLICIT_RETAIN_SELF = YES;
				CLANG_WARN_OBJC_LITERAL_CONVERSION = YES;
				CLANG_WARN_OBJC_ROOT_CLASS = YES_ERROR;
				CLANG_WARN_QUOTED_INCLUDE_IN_FRAMEWORK_HEADER = YES;
				CLANG_WARN_RANGE_LOOP_ANALYSIS = YES;
				CLANG_WARN_STRICT_PROTOTYPES = YES;
				CLANG_WARN_SUSPICIOUS_MOVE = YES;
				CLANG_WARN_UNGUARDED_AVAILABILITY = YES_AGGRESSIVE;
				CLANG_WARN_UNREACHABLE_CODE = YES;
				CLANG_WARN__DUPLICATE_METHOD_MATCH = YES;
				COPY_PHASE_STRIP = NO;
				DEBUG_INFORMATION_FORMAT = "dwarf-with-dsym";
				ENABLE_NS_ASSERTIONS = NO;
				ENABLE_STRICT_OBJC_MSGSEND = YES;
				GCC_C_LANGUAGE_STANDARD = gnu11;
				GCC_NO_COMMON_BLOCKS = YES;
				GCC_WARN_64_TO_32_BIT_CONVERSION = YES;
				GCC_WARN_ABOUT_RETURN_TYPE = YES_ERROR;
				GCC_WARN_UNDECLARED_SELECTOR = YES;
				GCC_WARN_UNINITIALIZED_AUTOS = YES_AGGRESSIVE;
				GCC_WARN_UNUSED_FUNCTION = YES;
				GCC_WARN_UNUSED_VARIABLE = YES;
				IPHONEOS_DEPLOYMENT_TARGET = 14.0;
				MTL_ENABLE_DEBUG_INFO = NO;
				MTL_FAST_MATH = YES;
				SDKROOT = iphoneos;
				SWIFT_COMPILATION_MODE = wholemodule;
				SWIFT_OPTIMIZATION_LEVEL = "-O";
				VALIDATE_PRODUCT = YES;
			};
			name = Release;
		};
		30D56BF826AE82A7008F2920 /* Debug */ = {
			isa = XCBuildConfiguration;
			buildSettings = {
				ASSETCATALOG_COMPILER_APPICON_NAME = AppIcon;
				ASSETCATALOG_COMPILER_GLOBAL_ACCENT_COLOR_NAME = AccentColor;
				CODE_SIGN_STYLE = Automatic;
				INFOPLIST_FILE = ProblemStatement/Info.plist;
				LD_RUNPATH_SEARCH_PATHS = (
					"$(inherited)",
					"@executable_path/Frameworks",
				);
				PRODUCT_BUNDLE_IDENTIFIER = sg.edu.rp.19013345.ProblemStatement;
				PRODUCT_NAME = "$(TARGET_NAME)";
				SWIFT_VERSION = 5.0;
				TARGETED_DEVICE_FAMILY = "1,2";
			};
			name = Debug;
		};
		30D56BF926AE82A7008F2920 /* Release */ = {
			isa = XCBuildConfiguration;
			buildSettings = {
				ASSETCATALOG_COMPILER_APPICON_NAME = AppIcon;
				ASSETCATALOG_COMPILER_GLOBAL_ACCENT_COLOR_NAME = AccentColor;
				CODE_SIGN_STYLE = Automatic;
				INFOPLIST_FILE = ProblemStatement/Info.plist;
				LD_RUNPATH_SEARCH_PATHS = (
					"$(inherited)",
					"@executable_path/Frameworks",
				);
				PRODUCT_BUNDLE_IDENTIFIER = sg.edu.rp.19013345.ProblemStatement;
				PRODUCT_NAME = "$(TARGET_NAME)";
				SWIFT_VERSION = 5.0;
				TARGETED_DEVICE_FAMILY = "1,2";
			};
			name = Release;
		};
/* End XCBuildConfiguration section */

/* Begin XCConfigurationList section */
		30D56BDE26AE82A4008F2920 /* Build configuration list for PBXProject "ProblemStatement" */ = {
			isa = XCConfigurationList;
			buildConfigurations = (
				30D56BF526AE82A7008F2920 /* Debug */,
				30D56BF626AE82A7008F2920 /* Release */,
			);
			defaultConfigurationIsVisible = 0;
			defaultConfigurationName = Release;
		};
		30D56BF726AE82A7008F2920 /* Build configuration list for PBXNativeTarget "ProblemStatement" */ = {
			isa = XCConfigurationList;
			buildConfigurations = (
				30D56BF826AE82A7008F2920 /* Debug */,
				30D56BF926AE82A7008F2920 /* Release */,
			);
			defaultConfigurationIsVisible = 0;
			defaultConfigurationName = Release;
		};
/* End XCConfigurationList section */
	};
	rootObject = 30D56BDB26AE82A4008F2920 /* Project object */;
}
